
Microsoft Visual Studio Solution File, Format Version 11.00
# Visual Studio 2010
Project("{FAE04EC0-301F-11D3-BF4B-00C04F79EFBC}") = "SS.DB.BLL", "..\SS.DB.BLL\SS.DB.BLL.csproj", "{8A6CCEE6-C339-4451-B9C2-2093E0DB1121}"
EndProject
Project("{FAE04EC0-301F-11D3-BF4B-00C04F79EFBC}") = "SS.DB.DAL", "..\SS.DB.DAL\SS.DB.DAL.csproj", "{305467E4-B9C3-4669-9895-F0B8C507479F}"
EndProject
Project("{FAE04EC0-301F-11D3-BF4B-00C04F79EFBC}") = "SS.DB.DAL.Hibernate", "..\SS.DB.DAL.Hibernate\SS.DB.DAL.Hibernate.csproj", "{E145299E-7512-4CAB-8697-5F2F879F05FC}"
EndProject
Project("{FAE04EC0-301F-11D3-BF4B-00C04F79EFBC}") = "SS.DB.DTO", "..\SS.DB.DTO\SS.DB.DTO.csproj", "{C67E0A91-F6CF-458C-A8D6-DB54080FB231}"
EndProject
Project("{FAE04EC0-301F-11D3-BF4B-00C04F79EFBC}") = "SS.DB.Helper", "..\SS.DB.Helper\SS.DB.Helper.csproj", "{5E462E42-95FD-4FCA-98F3-6AFAFB37CAE9}"
EndProject
Project("{FAE04EC0-301F-11D3-BF4B-00C04F79EFBC}") = "SS.DB.Query", "..\SS.DB.Query\SS.DB.Query.csproj", "{450B57C6-3B02-4238-9C8B-4D46C6B9C924}"
EndProject
Project("{FAE04EC0-301F-11D3-BF4B-00C04F79EFBC}") = "SS.DB.Query.Hibernate", "..\SS.DB.Query.Hibernate\SS.DB.Query.Hibernate.csproj", "{70BA1C5B-D541-4B84-84BB-137C4A29339C}"
EndProject
Project("{FAE04EC0-301F-11D3-BF4B-00C04F79EFBC}") = "SS.References", "..\SS.References\SS.References.csproj", "{F5ED6F2D-CC07-4BAA-93F8-36580F0FE6D4}"
EndProject
Project("{FAE04EC0-301F-11D3-BF4B-00C04F79EFBC}") = "SS.Standard", "..\SS.Standard\SS.Standard.csproj", "{EA7F90F8-FC93-4896-9D9A-9192F5803D37}"
EndProject
Project("{FAE04EC0-301F-11D3-BF4B-00C04F79EFBC}") = "SS.Standard.CommunicationService", "..\SS.Standard.CommunicationService\SS.Standard.CommunicationService.csproj", "{A6C988C2-ED30-4DEB-ACA7-36340AC13C42}"
EndProject
Project("{FAE04EC0-301F-11D3-BF4B-00C04F79EFBC}") = "SS.Standard.Data.NHibernate", "..\SS.Standard.Data.NHibernate\SS.Standard.Data.NHibernate.csproj", "{B1D260DC-E99A-4559-B29F-696EE2E1243C}"
EndProject
Project("{FAE04EC0-301F-11D3-BF4B-00C04F79EFBC}") = "SS.Standard.Data.Query", "..\SS.Standard.Data.Query\SS.Standard.Data.Query.csproj", "{2B9CC477-B163-4B1E-ACBA-37CAA0B9F9A1}"
EndProject
Project("{FAE04EC0-301F-11D3-BF4B-00C04F79EFBC}") = "SS.Standard.Security", "..\SS.Standard.Security\SS.Standard.Security.csproj", "{B31E8EDC-7CF5-43B8-A5FF-E79668E800CF}"
EndProject
Project("{FAE04EC0-301F-11D3-BF4B-00C04F79EFBC}") = "SS.Standard.UI.Spring", "..\SS.Standard.Spring.UI\SS.Standard.UI.Spring.csproj", "{D70D1009-50C3-4171-A51C-97B7ACD7D42F}"
EndProject
Project("{FAE04EC0-301F-11D3-BF4B-00C04F79EFBC}") = "SS.Standard.Utilities", "..\SS.Standard.Utilities\SS.Standard.Utilities.csproj", "{8D0003EE-F819-46FD-8791-E01AE2456A5E}"
EndProject
Project("{FAE04EC0-301F-11D3-BF4B-00C04F79EFBC}") = "SS.SU.BLL", "..\SS.SU.BLL\SS.SU.BLL.csproj", "{7BDC5E8F-976D-4AFA-95E0-66E1C3E23450}"
EndProject
Project("{FAE04EC0-301F-11D3-BF4B-00C04F79EFBC}") = "SS.SU.DAL", "..\SS.SU.DAL\SS.SU.DAL.csproj", "{FB3A8590-E912-4328-B94C-635F9F1599B1}"
EndProject
Project("{FAE04EC0-301F-11D3-BF4B-00C04F79EFBC}") = "SS.SU.DAL.Hibernate", "..\SS.SU.DAL.Hibernate\SS.SU.DAL.Hibernate.csproj", "{7B4673A6-8617-4D2C-B275-D356696AA00D}"
EndProject
Project("{FAE04EC0-301F-11D3-BF4B-00C04F79EFBC}") = "SS.SU.DTO", "..\SS.SU.DTO\SS.SU.DTO.csproj", "{74702C51-8486-4E7D-A880-997E4ECF457D}"
EndProject
Project("{FAE04EC0-301F-11D3-BF4B-00C04F79EFBC}") = "SS.SU.Helper", "..\SS.SU.Helper\SS.SU.Helper.csproj", "{18DD24FA-7F73-4DA8-AB64-7F569D750D4B}"
EndProject
Project("{FAE04EC0-301F-11D3-BF4B-00C04F79EFBC}") = "SS.SU.Query", "..\SS.SU.Query\SS.SU.Query.csproj", "{4D083F28-AE94-4FF7-B010-9B96701C1B3C}"
EndProject
Project("{FAE04EC0-301F-11D3-BF4B-00C04F79EFBC}") = "SS.SU.Query.Hibernate", "..\SS.SU.Query.Hibernate\SS.SU.Query.Hibernate.csproj", "{9146E557-7058-4063-A146-36C5A923E61F}"
EndProject
Project("{FAE04EC0-301F-11D3-BF4B-00C04F79EFBC}") = "SS.Standard.UI", "..\SS.Standard.UI\SS.Standard.UI.csproj", "{BB10E1E3-9788-4CB6-9180-0E0D7BBB66F8}"
EndProject
Project("{FAE04EC0-301F-11D3-BF4B-00C04F79EFBC}") = "SCG.DB.BLL", "..\SCG.DB.BLL\SCG.DB.BLL.csproj", "{F710CA0A-7490-4B61-AE96-0E46F7B7702C}"
EndProject
Project("{FAE04EC0-301F-11D3-BF4B-00C04F79EFBC}") = "SCG.DB.DAL", "..\SCG.DB.DAL\SCG.DB.DAL.csproj", "{C8A062D6-03AE-4376-A714-2792B7055899}"
EndProject
Project("{FAE04EC0-301F-11D3-BF4B-00C04F79EFBC}") = "SCG.DB.DAL.Hibernate", "..\SCG.DB.DAL.Hibernate\SCG.DB.DAL.Hibernate.csproj", "{107882FA-CD93-4D59-9C58-6AA554BA3883}"
EndProject
Project("{FAE04EC0-301F-11D3-BF4B-00C04F79EFBC}") = "SCG.DB.DTO", "..\SCG.DB.DTO\SCG.DB.DTO.csproj", "{1AD139BB-4AD4-424A-A951-8BCECFA953BA}"
EndProject
Project("{FAE04EC0-301F-11D3-BF4B-00C04F79EFBC}") = "SCG.DB.Helper", "..\SCG.DB.Helper\SCG.DB.Helper.csproj", "{A7A80FAE-7432-442D-BD5B-B931B72A9FEC}"
EndProject
Project("{FAE04EC0-301F-11D3-BF4B-00C04F79EFBC}") = "SCG.DB.Query", "..\SCG.DB.Query\SCG.DB.Query.csproj", "{66CBB214-DA80-40EF-917C-DEB3DAC72AF7}"
EndProject
Project("{FAE04EC0-301F-11D3-BF4B-00C04F79EFBC}") = "SCG.DB.Query.Hibernate", "..\SCG.DB.Query.Hibernate\SCG.DB.Query.Hibernate.csproj", "{28B95EEB-670E-4F5E-AFBD-240BF193C7C1}"
EndProject
Project("{FAE04EC0-301F-11D3-BF4B-00C04F79EFBC}") = "SCG.FN.BLL", "..\SCG.FN.BLL\SCG.FN.BLL.csproj", "{2A632EF6-E561-4E95-8F1A-BC5C4EBD4A97}"
EndProject
Project("{FAE04EC0-301F-11D3-BF4B-00C04F79EFBC}") = "SCG.FN.DAL", "..\SCG.FN.DAL\SCG.FN.DAL.csproj", "{2D27295F-467C-4055-9EA0-38B7DD9D1A7E}"
EndProject
Project("{FAE04EC0-301F-11D3-BF4B-00C04F79EFBC}") = "SCG.FN.DAL.Hibernate", "..\SCG.FN.DAL.Hibernate\SCG.FN.DAL.Hibernate.csproj", "{1BF6425D-CD1C-44BA-8C27-5EFD43262859}"
EndProject
Project("{FAE04EC0-301F-11D3-BF4B-00C04F79EFBC}") = "SCG.FN.DTO", "..\SCG.FN.DTO\SCG.FN.DTO.csproj", "{51D50C0F-0E25-464F-9D79-B75074794EFD}"
EndProject
Project("{FAE04EC0-301F-11D3-BF4B-00C04F79EFBC}") = "SCG.FN.Helper", "..\SCG.FN.Helper\SCG.FN.Helper.csproj", "{F212AB93-542D-4D59-A7DD-59ECCE816898}"
EndProject
Project("{FAE04EC0-301F-11D3-BF4B-00C04F79EFBC}") = "SCG.FN.Query", "..\SCG.FN.Query\SCG.FN.Query.csproj", "{BEE8B935-C087-4080-BD0E-D74EECA871F5}"
EndProject
Project("{FAE04EC0-301F-11D3-BF4B-00C04F79EFBC}") = "SCG.FN.Query.Hibernate", "..\SCG.FN.Query.Hibernate\SCG.FN.Query.Hibernate.csproj", "{0B7C21BD-3715-44C0-8331-3DCB2A86937B}"
EndProject
Project("{FAE04EC0-301F-11D3-BF4B-00C04F79EFBC}") = "SCG.GL.BLL", "..\SCG.GL.BLL\SCG.GL.BLL.csproj", "{FB5F6018-D738-449E-8736-57F5B1B41CD6}"
EndProject
Project("{FAE04EC0-301F-11D3-BF4B-00C04F79EFBC}") = "SCG.GL.DAL", "..\SCG.GL.DAL\SCG.GL.DAL.csproj", "{D17CEE34-340B-496B-B6B0-AB632263A6DB}"
EndProject
Project("{FAE04EC0-301F-11D3-BF4B-00C04F79EFBC}") = "SCG.GL.DAL.Hibernate", "..\SCG.GL.DAL.Hibernate\SCG.GL.DAL.Hibernate.csproj", "{23B79501-1B4A-4D31-8DCF-A580056EF0A1}"
EndProject
Project("{FAE04EC0-301F-11D3-BF4B-00C04F79EFBC}") = "SCG.GL.DTO", "..\SCG.GL.DTO\SCG.GL.DTO.csproj", "{0784D051-F778-4E06-9185-B8CC64075497}"
EndProject
Project("{FAE04EC0-301F-11D3-BF4B-00C04F79EFBC}") = "SCG.GL.Helper", "..\SCG.GL.Helper\SCG.GL.Helper.csproj", "{43D32D26-29E0-419D-AB30-D3250F575F2D}"
EndProject
Project("{FAE04EC0-301F-11D3-BF4B-00C04F79EFBC}") = "SCG.GL.Query", "..\SCG.GL.Query\SCG.GL.Query.csproj", "{9B8B8CFC-339D-4844-8C4F-7D8B50DA1624}"
EndProject
Project("{FAE04EC0-301F-11D3-BF4B-00C04F79EFBC}") = "SCG.GL.Query.Hibernate", "..\SCG.GL.Query.Hibernate\SCG.GL.Query.Hibernate.csproj", "{BE677D27-B20C-4366-96AD-A286E7BE5CF5}"
EndProject
Project("{FAE04EC0-301F-11D3-BF4B-00C04F79EFBC}") = "SCG.eAccounting.Web", "..\SCG.eAccounting.Web\SCG.eAccounting.Web.csproj", "{B8F87DDB-24D5-4348-9505-21677AF518B9}"
EndProject
Project("{FAE04EC0-301F-11D3-BF4B-00C04F79EFBC}") = "SCG.eAccounting.DTO", "..\SCG.eAccounting.DTO\SCG.eAccounting.DTO.csproj", "{9C6C0B7B-EBDF-4158-88BA-40F005AA5E64}"
EndProject
Project("{FAE04EC0-301F-11D3-BF4B-00C04F79EFBC}") = "SCG.eAccounting.DAL", "..\SCG.eAccounting.DAL\SCG.eAccounting.DAL.csproj", "{D8377A07-E8CF-4EFD-9814-5C10EFF09281}"
EndProject
Project("{FAE04EC0-301F-11D3-BF4B-00C04F79EFBC}") = "SCG.eAccounting.DAL.Hibernate", "..\SCG.eAccounting.DAL.Hibernate\SCG.eAccounting.DAL.Hibernate.csproj", "{9D4A8C5C-D6CE-4E73-9727-08237CB5342E}"
EndProject
Project("{FAE04EC0-301F-11D3-BF4B-00C04F79EFBC}") = "SCG.eAccounting.BLL", "..\SCG.eAccounting.BLL\SCG.eAccounting.BLL.csproj", "{A44769B3-3B65-411D-A878-D70E10F6B538}"
EndProject
Project("{FAE04EC0-301F-11D3-BF4B-00C04F79EFBC}") = "SCG.eAccounting.Helper", "..\SCG.eAccounting.Helper\SCG.eAccounting.Helper.csproj", "{8242573D-841E-46C5-A1EE-9D67685C5229}"
EndProject
Project("{FAE04EC0-301F-11D3-BF4B-00C04F79EFBC}") = "SCG.eAccounting.Query", "..\SCG.eAccounting.Query\SCG.eAccounting.Query.csproj", "{A133B337-8915-4934-BC9C-D26D30485147}"
EndProject
Project("{FAE04EC0-301F-11D3-BF4B-00C04F79EFBC}") = "SCG.eAccounting.Query.Hibernate", "..\SCG.eAccounting.Query.Hibernate\SCG.eAccounting.Query.Hibernate.csproj", "{62013F38-D560-4FB7-A679-2EE341EC4D39}"
EndProject
Project("{FAE04EC0-301F-11D3-BF4B-00C04F79EFBC}") = "SS.Standard.WorkFlow", "..\SS.Standard.WorkFlow\SS.Standard.WorkFlow.csproj", "{FAB1E069-C432-4CEE-8182-833595F486AA}"
EndProject
Project("{FAE04EC0-301F-11D3-BF4B-00C04F79EFBC}") = "SCG.eAccounting.SAP", "..\SCG.eAccounting.SAP\SCG.eAccounting.SAP.csproj", "{DB3E9E59-A972-4CAD-9328-8569D4F6980B}"
EndProject
Project("{FAE04EC0-301F-11D3-BF4B-00C04F79EFBC}") = "SCG.eAccounting.SAP.BAPI.Service", "..\SCG.eAccounting.SAP.BAPI.Service\SCG.eAccounting.SAP.BAPI.Service.csproj", "{07467D12-9910-4545-AC73-2B5E44336A1D}"
EndProject
Project("{FAE04EC0-301F-11D3-BF4B-00C04F79EFBC}") = "SCG.eAccounting.SAP.BAPI", "..\SCG.eAccounting.SAP.BAPI\SCG.eAccounting.SAP.BAPI.csproj", "{D952F23A-B5C2-4447-B2A9-A78219F3481F}"
EndProject
Project("{FAE04EC0-301F-11D3-BF4B-00C04F79EFBC}") = "SS.Standard.Security.Implement", "..\SS.Standard.Security.Implement\SS.Standard.Security.Implement.csproj", "{0A58EB72-1BAF-4E23-B1B6-C50B2B58D65F}"
EndProject
Project("{FAE04EC0-301F-11D3-BF4B-00C04F79EFBC}") = "SCG.eAccounting.Interface.ImageFileIO", "..\SCG.eAccounting.Interface.ImageFileIO\SCG.eAccounting.Interface.ImageFileIO.csproj", "{7E60300C-3359-40A9-A487-EDCF5DAA50A6}"
EndProject
Project("{FAE04EC0-301F-11D3-BF4B-00C04F79EFBC}") = "SCG.eAccounting.Interface.CostcenterImport", "..\SCG.eAccounting.Interface.CostcenterImport\SCG.eAccounting.Interface.CostcenterImport.csproj", "{8EEB5B11-E119-4CDD-BA35-C5051A1D4E5E}"
EndProject
Project("{FAE04EC0-301F-11D3-BF4B-00C04F79EFBC}") = "SCG.eAccounting.Interface.InternalOrderImport", "..\SCG.eAccounting.Interface.InternalOrderImport\SCG.eAccounting.Interface.InternalOrderImport.csproj", "{00A00624-2972-4CF2-B3B5-A9EF4F7F5AAF}"
EndProject
Project("{FAE04EC0-301F-11D3-BF4B-00C04F79EFBC}") = "SCG.eAccounting.Interface.AutoPaymentIO", "..\SCG.eAccounting.Interface.ClearingIO\SCG.eAccounting.Interface.AutoPaymentIO.csproj", "{590BEC8A-D737-4D0A-A331-474C8496101E}"
EndProject
Project("{FAE04EC0-301F-11D3-BF4B-00C04F79EFBC}") = "SCG.eAccounting.Interface.BoxIDIO", "..\SCG.eAccounting.Interface.BoxIDIO\SCG.eAccounting.Interface.BoxIDIO.csproj", "{84F708A9-1D7D-4C91-B237-408408622013}"
EndProject
Project("{FAE04EC0-301F-11D3-BF4B-00C04F79EFBC}") = "SCG.eAccounting.Interface.ImportExpense", "..\SCG.eAccounting.Interface.ImportExpense\SCG.eAccounting.Interface.ImportExpense.csproj", "{7620E33B-8312-4B92-B20B-D5D811CDB0CB}"
EndProject
Project("{FAE04EC0-301F-11D3-BF4B-00C04F79EFBC}") = "SCG.eAccounting.Interface.ImportVendor", "..\SCG.eAccounting.Interface.ImportVendor\SCG.eAccounting.Interface.ImportVendor.csproj", "{96BC01F6-D2A8-4303-8943-946EF233D89F}"
EndProject
Project("{FAE04EC0-301F-11D3-BF4B-00C04F79EFBC}") = "SCG.eAccounting.Interface.OrganizationImport", "..\SCG.eAccounting.Interface.OrganizationImport\SCG.eAccounting.Interface.OrganizationImport.csproj", "{67994760-FD92-433B-BD42-17B3EB4B8F63}"
EndProject
Project("{FAE04EC0-301F-11D3-BF4B-00C04F79EFBC}") = "SCG.eAccounting.PasswordExpireReminder", "..\SCG.eAccounting.PasswordExpireReminder\SCG.eAccounting.PasswordExpireReminder.csproj", "{DAF03BA7-161D-4232-8A91-58D16C5BA366}"
EndProject
Project("{FAE04EC0-301F-11D3-BF4B-00C04F79EFBC}") = "SCG.eAccounting.Interface.Utilities", "..\SCG.eAccounting.Interface.Utilities\SCG.eAccounting.Interface.Utilities.csproj", "{A5B1C7B5-E95B-476C-93D6-582541677F99}"
EndProject
Project("{FAE04EC0-301F-11D3-BF4B-00C04F79EFBC}") = "SCG.eAccounting.Interface.UserImport", "..\SCG.eAccounting.Interface.UserImport\SCG.eAccounting.Interface.UserImport.csproj", "{4E7FCBFA-52EF-4AC2-94F0-C72152FCFA52}"
EndProject
Project("{FAE04EC0-301F-11D3-BF4B-00C04F79EFBC}") = "SCG.eAccounting.Interface.RefreshWorkFlowPermission", "..\SCG.eAccounting.Interface.RefreshWorkFlowPermission\SCG.eAccounting.Interface.RefreshWorkFlowPermission.csproj", "{7D48371D-88E2-47D6-A37D-1053CA3FF64D}"
EndProject
Project("{FAE04EC0-301F-11D3-BF4B-00C04F79EFBC}") = "SCG.eAccounting.Interface.AdvanceOverDueEmail", "..\SCG.eAccounting.Interface.AdvanceOverDueEmail\SCG.eAccounting.Interface.AdvanceOverDueEmail.csproj", "{3D1CCDE7-DAD5-4543-A439-A3E53F2C2AEA}"
EndProject
Project("{FAE04EC0-301F-11D3-BF4B-00C04F79EFBC}") = "ServiceInstaller", "..\ServiceInstaller\ServiceInstaller.csproj", "{EC967660-710E-4FC9-AC72-AA4F1D82009A}"
EndProject
Project("{FAE04EC0-301F-11D3-BF4B-00C04F79EFBC}") = "SCG.eAccounting.Interface.ImportAdvance", "..\SCG.eAccounting.Interface.ImportAdvance\SCG.eAccounting.Interface.ImportAdvance.csproj", "{18EF7C1B-D7F6-4AE2-96DF-7FA5F5CEEF8D}"
EndProject
Project("{2CFEAB61-6A3B-4EB8-B523-560B4BEEF521}") = "SCG.eAccounting.Web.csproj_deploy", "..\SCG.eAccounting.Web.csproj_deploy\SCG.eAccounting.Web.csproj_deploy.wdproj", "{0A6E5792-7708-4CB7-9905-A893E33E35A5}"
EndProject
Project("{FAE04EC0-301F-11D3-BF4B-00C04F79EFBC}") = "SCG.eAccounting.Resender", "..\SCG.eAccounting.Resender\SCG.eAccounting.Resender.csproj", "{BC14A519-D571-4074-B065-A07B2FE3B8C2}"
EndProject
Project("{FAE04EC0-301F-11D3-BF4B-00C04F79EFBC}") = "SCG.eAccounting.Interface.DocumentReminder", "..\SCG.eAccounting.Interface.DocumentReminder\SCG.eAccounting.Interface.DocumentReminder.csproj", "{7E465169-758C-4C31-B895-032EAAFABFD3}"
EndProject
Project("{FAE04EC0-301F-11D3-BF4B-00C04F79EFBC}") = "SCG.eAccounting.Report.BarcodeGenerator", "..\SCG.eAccounting.Report.BarcodeGenerator\SCG.eAccounting.Report.BarcodeGenerator.csproj", "{F8646414-0C9C-49BB-9DA3-3923BF78A398}"
EndProject
Project("{FAE04EC0-301F-11D3-BF4B-00C04F79EFBC}") = "SCG.eAccounting.Interface.ManualUserImport", "..\SCG.eAccounting.Interface.ManualUserImport\SCG.eAccounting.Interface.ManualUserImport.csproj", "{1F568643-7247-49FE-9338-8567ACE49E3F}"
EndProject
Project("{FAE04EC0-301F-11D3-BF4B-00C04F79EFBC}") = "SCG.eAccounting.AppService", "..\SCG.eAccounting.AppService\SCG.eAccounting.AppService.csproj", "{4FA487B7-AB4E-4302-B3BD-CD4E4E713D79}"
EndProject
Project("{FAE04EC0-301F-11D3-BF4B-00C04F79EFBC}") = "SCG.eAccounting.Interface.Payroll", "..\SCG.eAccounting.Interface.Payroll\SCG.eAccounting.Interface.Payroll.csproj", "{8050A0DD-A07B-466B-9AED-C7270478FAA7}"
EndProject
Project("{FAE04EC0-301F-11D3-BF4B-00C04F79EFBC}") = "SCG.eAccounting.Interface.DocumentWaitApproveMail", "..\SCG.eAccounting.Interface.DocumentWaitApproveMail\SCG.eAccounting.Interface.DocumentWaitApproveMail.csproj", "{24434D1C-86DD-4FCD-8A80-3881954B4371}"
EndProject
Project("{FAE04EC0-301F-11D3-BF4B-00C04F79EFBC}") = "SCG.eAccounting.Interface.FixedAdvanceOverDueEmail", "..\SCG.eAccounting.Interface.FixedAdvanceOverDueEmail\SCG.eAccounting.Interface.FixedAdvanceOverDueEmail.csproj", "{C4351BFB-AF2B-4499-8626-5BC6233AC52F}"
EndProject
Global
	GlobalSection(SolutionConfigurationPlatforms) = preSolution
		Debug|Any CPU = Debug|Any CPU
		Debug|Mixed Platforms = Debug|Mixed Platforms
		Debug|x86 = Debug|x86
		Release|Any CPU = Release|Any CPU
		Release|Mixed Platforms = Release|Mixed Platforms
		Release|x86 = Release|x86
	EndGlobalSection
	GlobalSection(ProjectConfigurationPlatforms) = postSolution
		{8A6CCEE6-C339-4451-B9C2-2093E0DB1121}.Debug|Any CPU.ActiveCfg = Debug|Any CPU
		{8A6CCEE6-C339-4451-B9C2-2093E0DB1121}.Debug|Any CPU.Build.0 = Debug|Any CPU
		{8A6CCEE6-C339-4451-B9C2-2093E0DB1121}.Debug|Mixed Platforms.ActiveCfg = Debug|Any CPU
		{8A6CCEE6-C339-4451-B9C2-2093E0DB1121}.Debug|Mixed Platforms.Build.0 = Debug|Any CPU
		{8A6CCEE6-C339-4451-B9C2-2093E0DB1121}.Debug|x86.ActiveCfg = Debug|Any CPU
		{8A6CCEE6-C339-4451-B9C2-2093E0DB1121}.Release|Any CPU.ActiveCfg = Release|Any CPU
		{8A6CCEE6-C339-4451-B9C2-2093E0DB1121}.Release|Any CPU.Build.0 = Release|Any CPU
		{8A6CCEE6-C339-4451-B9C2-2093E0DB1121}.Release|Mixed Platforms.ActiveCfg = Release|Any CPU
		{8A6CCEE6-C339-4451-B9C2-2093E0DB1121}.Release|Mixed Platforms.Build.0 = Release|Any CPU
		{8A6CCEE6-C339-4451-B9C2-2093E0DB1121}.Release|x86.ActiveCfg = Release|Any CPU
		{305467E4-B9C3-4669-9895-F0B8C507479F}.Debug|Any CPU.ActiveCfg = Debug|Any CPU
		{305467E4-B9C3-4669-9895-F0B8C507479F}.Debug|Any CPU.Build.0 = Debug|Any CPU
		{305467E4-B9C3-4669-9895-F0B8C507479F}.Debug|Mixed Platforms.ActiveCfg = Debug|Any CPU
		{305467E4-B9C3-4669-9895-F0B8C507479F}.Debug|Mixed Platforms.Build.0 = Debug|Any CPU
		{305467E4-B9C3-4669-9895-F0B8C507479F}.Debug|x86.ActiveCfg = Debug|Any CPU
		{305467E4-B9C3-4669-9895-F0B8C507479F}.Release|Any CPU.ActiveCfg = Release|Any CPU
		{305467E4-B9C3-4669-9895-F0B8C507479F}.Release|Any CPU.Build.0 = Release|Any CPU
		{305467E4-B9C3-4669-9895-F0B8C507479F}.Release|Mixed Platforms.ActiveCfg = Release|Any CPU
		{305467E4-B9C3-4669-9895-F0B8C507479F}.Release|Mixed Platforms.Build.0 = Release|Any CPU
		{305467E4-B9C3-4669-9895-F0B8C507479F}.Release|x86.ActiveCfg = Release|Any CPU
		{E145299E-7512-4CAB-8697-5F2F879F05FC}.Debug|Any CPU.ActiveCfg = Debug|Any CPU
		{E145299E-7512-4CAB-8697-5F2F879F05FC}.Debug|Any CPU.Build.0 = Debug|Any CPU
		{E145299E-7512-4CAB-8697-5F2F879F05FC}.Debug|Mixed Platforms.ActiveCfg = Debug|Any CPU
		{E145299E-7512-4CAB-8697-5F2F879F05FC}.Debug|Mixed Platforms.Build.0 = Debug|Any CPU
		{E145299E-7512-4CAB-8697-5F2F879F05FC}.Debug|x86.ActiveCfg = Debug|Any CPU
		{E145299E-7512-4CAB-8697-5F2F879F05FC}.Release|Any CPU.ActiveCfg = Release|Any CPU
		{E145299E-7512-4CAB-8697-5F2F879F05FC}.Release|Any CPU.Build.0 = Release|Any CPU
		{E145299E-7512-4CAB-8697-5F2F879F05FC}.Release|Mixed Platforms.ActiveCfg = Release|Any CPU
		{E145299E-7512-4CAB-8697-5F2F879F05FC}.Release|Mixed Platforms.Build.0 = Release|Any CPU
		{E145299E-7512-4CAB-8697-5F2F879F05FC}.Release|x86.ActiveCfg = Release|Any CPU
		{C67E0A91-F6CF-458C-A8D6-DB54080FB231}.Debug|Any CPU.ActiveCfg = Debug|Any CPU
		{C67E0A91-F6CF-458C-A8D6-DB54080FB231}.Debug|Any CPU.Build.0 = Debug|Any CPU
		{C67E0A91-F6CF-458C-A8D6-DB54080FB231}.Debug|Mixed Platforms.ActiveCfg = Debug|Any CPU
		{C67E0A91-F6CF-458C-A8D6-DB54080FB231}.Debug|Mixed Platforms.Build.0 = Debug|Any CPU
		{C67E0A91-F6CF-458C-A8D6-DB54080FB231}.Debug|x86.ActiveCfg = Debug|Any CPU
		{C67E0A91-F6CF-458C-A8D6-DB54080FB231}.Release|Any CPU.ActiveCfg = Release|Any CPU
		{C67E0A91-F6CF-458C-A8D6-DB54080FB231}.Release|Any CPU.Build.0 = Release|Any CPU
		{C67E0A91-F6CF-458C-A8D6-DB54080FB231}.Release|Mixed Platforms.ActiveCfg = Release|Any CPU
		{C67E0A91-F6CF-458C-A8D6-DB54080FB231}.Release|Mixed Platforms.Build.0 = Release|Any CPU
		{C67E0A91-F6CF-458C-A8D6-DB54080FB231}.Release|x86.ActiveCfg = Release|Any CPU
		{5E462E42-95FD-4FCA-98F3-6AFAFB37CAE9}.Debug|Any CPU.ActiveCfg = Debug|Any CPU
		{5E462E42-95FD-4FCA-98F3-6AFAFB37CAE9}.Debug|Any CPU.Build.0 = Debug|Any CPU
		{5E462E42-95FD-4FCA-98F3-6AFAFB37CAE9}.Debug|Mixed Platforms.ActiveCfg = Debug|Any CPU
		{5E462E42-95FD-4FCA-98F3-6AFAFB37CAE9}.Debug|Mixed Platforms.Build.0 = Debug|Any CPU
		{5E462E42-95FD-4FCA-98F3-6AFAFB37CAE9}.Debug|x86.ActiveCfg = Debug|Any CPU
		{5E462E42-95FD-4FCA-98F3-6AFAFB37CAE9}.Release|Any CPU.ActiveCfg = Release|Any CPU
		{5E462E42-95FD-4FCA-98F3-6AFAFB37CAE9}.Release|Any CPU.Build.0 = Release|Any CPU
		{5E462E42-95FD-4FCA-98F3-6AFAFB37CAE9}.Release|Mixed Platforms.ActiveCfg = Release|Any CPU
		{5E462E42-95FD-4FCA-98F3-6AFAFB37CAE9}.Release|Mixed Platforms.Build.0 = Release|Any CPU
		{5E462E42-95FD-4FCA-98F3-6AFAFB37CAE9}.Release|x86.ActiveCfg = Release|Any CPU
		{450B57C6-3B02-4238-9C8B-4D46C6B9C924}.Debug|Any CPU.ActiveCfg = Debug|Any CPU
		{450B57C6-3B02-4238-9C8B-4D46C6B9C924}.Debug|Any CPU.Build.0 = Debug|Any CPU
		{450B57C6-3B02-4238-9C8B-4D46C6B9C924}.Debug|Mixed Platforms.ActiveCfg = Debug|Any CPU
		{450B57C6-3B02-4238-9C8B-4D46C6B9C924}.Debug|Mixed Platforms.Build.0 = Debug|Any CPU
		{450B57C6-3B02-4238-9C8B-4D46C6B9C924}.Debug|x86.ActiveCfg = Debug|Any CPU
		{450B57C6-3B02-4238-9C8B-4D46C6B9C924}.Release|Any CPU.ActiveCfg = Release|Any CPU
		{450B57C6-3B02-4238-9C8B-4D46C6B9C924}.Release|Any CPU.Build.0 = Release|Any CPU
		{450B57C6-3B02-4238-9C8B-4D46C6B9C924}.Release|Mixed Platforms.ActiveCfg = Release|Any CPU
		{450B57C6-3B02-4238-9C8B-4D46C6B9C924}.Release|Mixed Platforms.Build.0 = Release|Any CPU
		{450B57C6-3B02-4238-9C8B-4D46C6B9C924}.Release|x86.ActiveCfg = Release|Any CPU
		{70BA1C5B-D541-4B84-84BB-137C4A29339C}.Debug|Any CPU.ActiveCfg = Debug|Any CPU
		{70BA1C5B-D541-4B84-84BB-137C4A29339C}.Debug|Any CPU.Build.0 = Debug|Any CPU
		{70BA1C5B-D541-4B84-84BB-137C4A29339C}.Debug|Mixed Platforms.ActiveCfg = Debug|Any CPU
		{70BA1C5B-D541-4B84-84BB-137C4A29339C}.Debug|Mixed Platforms.Build.0 = Debug|Any CPU
		{70BA1C5B-D541-4B84-84BB-137C4A29339C}.Debug|x86.ActiveCfg = Debug|Any CPU
		{70BA1C5B-D541-4B84-84BB-137C4A29339C}.Release|Any CPU.ActiveCfg = Release|Any CPU
		{70BA1C5B-D541-4B84-84BB-137C4A29339C}.Release|Any CPU.Build.0 = Release|Any CPU
		{70BA1C5B-D541-4B84-84BB-137C4A29339C}.Release|Mixed Platforms.ActiveCfg = Release|Any CPU
		{70BA1C5B-D541-4B84-84BB-137C4A29339C}.Release|Mixed Platforms.Build.0 = Release|Any CPU
		{70BA1C5B-D541-4B84-84BB-137C4A29339C}.Release|x86.ActiveCfg = Release|Any CPU
		{F5ED6F2D-CC07-4BAA-93F8-36580F0FE6D4}.Debug|Any CPU.ActiveCfg = Debug|Any CPU
		{F5ED6F2D-CC07-4BAA-93F8-36580F0FE6D4}.Debug|Any CPU.Build.0 = Debug|Any CPU
		{F5ED6F2D-CC07-4BAA-93F8-36580F0FE6D4}.Debug|Mixed Platforms.ActiveCfg = Debug|Any CPU
		{F5ED6F2D-CC07-4BAA-93F8-36580F0FE6D4}.Debug|Mixed Platforms.Build.0 = Debug|Any CPU
		{F5ED6F2D-CC07-4BAA-93F8-36580F0FE6D4}.Debug|x86.ActiveCfg = Debug|Any CPU
		{F5ED6F2D-CC07-4BAA-93F8-36580F0FE6D4}.Release|Any CPU.ActiveCfg = Release|Any CPU
		{F5ED6F2D-CC07-4BAA-93F8-36580F0FE6D4}.Release|Any CPU.Build.0 = Release|Any CPU
		{F5ED6F2D-CC07-4BAA-93F8-36580F0FE6D4}.Release|Mixed Platforms.ActiveCfg = Release|Any CPU
		{F5ED6F2D-CC07-4BAA-93F8-36580F0FE6D4}.Release|Mixed Platforms.Build.0 = Release|Any CPU
		{F5ED6F2D-CC07-4BAA-93F8-36580F0FE6D4}.Release|x86.ActiveCfg = Release|Any CPU
		{EA7F90F8-FC93-4896-9D9A-9192F5803D37}.Debug|Any CPU.ActiveCfg = Debug|Any CPU
		{EA7F90F8-FC93-4896-9D9A-9192F5803D37}.Debug|Any CPU.Build.0 = Debug|Any CPU
		{EA7F90F8-FC93-4896-9D9A-9192F5803D37}.Debug|Mixed Platforms.ActiveCfg = Debug|Any CPU
		{EA7F90F8-FC93-4896-9D9A-9192F5803D37}.Debug|Mixed Platforms.Build.0 = Debug|Any CPU
		{EA7F90F8-FC93-4896-9D9A-9192F5803D37}.Debug|x86.ActiveCfg = Debug|Any CPU
		{EA7F90F8-FC93-4896-9D9A-9192F5803D37}.Release|Any CPU.ActiveCfg = Release|Any CPU
		{EA7F90F8-FC93-4896-9D9A-9192F5803D37}.Release|Any CPU.Build.0 = Release|Any CPU
		{EA7F90F8-FC93-4896-9D9A-9192F5803D37}.Release|Mixed Platforms.ActiveCfg = Release|Any CPU
		{EA7F90F8-FC93-4896-9D9A-9192F5803D37}.Release|Mixed Platforms.Build.0 = Release|Any CPU
		{EA7F90F8-FC93-4896-9D9A-9192F5803D37}.Release|x86.ActiveCfg = Release|Any CPU
		{A6C988C2-ED30-4DEB-ACA7-36340AC13C42}.Debug|Any CPU.ActiveCfg = Debug|Any CPU
		{A6C988C2-ED30-4DEB-ACA7-36340AC13C42}.Debug|Any CPU.Build.0 = Debug|Any CPU
		{A6C988C2-ED30-4DEB-ACA7-36340AC13C42}.Debug|Mixed Platforms.ActiveCfg = Debug|Any CPU
		{A6C988C2-ED30-4DEB-ACA7-36340AC13C42}.Debug|Mixed Platforms.Build.0 = Debug|Any CPU
		{A6C988C2-ED30-4DEB-ACA7-36340AC13C42}.Debug|x86.ActiveCfg = Debug|Any CPU
		{A6C988C2-ED30-4DEB-ACA7-36340AC13C42}.Release|Any CPU.ActiveCfg = Release|Any CPU
		{A6C988C2-ED30-4DEB-ACA7-36340AC13C42}.Release|Any CPU.Build.0 = Release|Any CPU
		{A6C988C2-ED30-4DEB-ACA7-36340AC13C42}.Release|Mixed Platforms.ActiveCfg = Release|Any CPU
		{A6C988C2-ED30-4DEB-ACA7-36340AC13C42}.Release|Mixed Platforms.Build.0 = Release|Any CPU
		{A6C988C2-ED30-4DEB-ACA7-36340AC13C42}.Release|x86.ActiveCfg = Release|Any CPU
		{B1D260DC-E99A-4559-B29F-696EE2E1243C}.Debug|Any CPU.ActiveCfg = Debug|Any CPU
		{B1D260DC-E99A-4559-B29F-696EE2E1243C}.Debug|Any CPU.Build.0 = Debug|Any CPU
		{B1D260DC-E99A-4559-B29F-696EE2E1243C}.Debug|Mixed Platforms.ActiveCfg = Debug|Any CPU
		{B1D260DC-E99A-4559-B29F-696EE2E1243C}.Debug|Mixed Platforms.Build.0 = Debug|Any CPU
		{B1D260DC-E99A-4559-B29F-696EE2E1243C}.Debug|x86.ActiveCfg = Debug|Any CPU
		{B1D260DC-E99A-4559-B29F-696EE2E1243C}.Release|Any CPU.ActiveCfg = Release|Any CPU
		{B1D260DC-E99A-4559-B29F-696EE2E1243C}.Release|Any CPU.Build.0 = Release|Any CPU
		{B1D260DC-E99A-4559-B29F-696EE2E1243C}.Release|Mixed Platforms.ActiveCfg = Release|Any CPU
		{B1D260DC-E99A-4559-B29F-696EE2E1243C}.Release|Mixed Platforms.Build.0 = Release|Any CPU
		{B1D260DC-E99A-4559-B29F-696EE2E1243C}.Release|x86.ActiveCfg = Release|Any CPU
		{2B9CC477-B163-4B1E-ACBA-37CAA0B9F9A1}.Debug|Any CPU.ActiveCfg = Debug|Any CPU
		{2B9CC477-B163-4B1E-ACBA-37CAA0B9F9A1}.Debug|Any CPU.Build.0 = Debug|Any CPU
		{2B9CC477-B163-4B1E-ACBA-37CAA0B9F9A1}.Debug|Mixed Platforms.ActiveCfg = Debug|Any CPU
		{2B9CC477-B163-4B1E-ACBA-37CAA0B9F9A1}.Debug|Mixed Platforms.Build.0 = Debug|Any CPU
		{2B9CC477-B163-4B1E-ACBA-37CAA0B9F9A1}.Debug|x86.ActiveCfg = Debug|Any CPU
		{2B9CC477-B163-4B1E-ACBA-37CAA0B9F9A1}.Release|Any CPU.ActiveCfg = Release|Any CPU
		{2B9CC477-B163-4B1E-ACBA-37CAA0B9F9A1}.Release|Any CPU.Build.0 = Release|Any CPU
		{2B9CC477-B163-4B1E-ACBA-37CAA0B9F9A1}.Release|Mixed Platforms.ActiveCfg = Release|Any CPU
		{2B9CC477-B163-4B1E-ACBA-37CAA0B9F9A1}.Release|Mixed Platforms.Build.0 = Release|Any CPU
		{2B9CC477-B163-4B1E-ACBA-37CAA0B9F9A1}.Release|x86.ActiveCfg = Release|Any CPU
		{B31E8EDC-7CF5-43B8-A5FF-E79668E800CF}.Debug|Any CPU.ActiveCfg = Debug|Any CPU
		{B31E8EDC-7CF5-43B8-A5FF-E79668E800CF}.Debug|Any CPU.Build.0 = Debug|Any CPU
		{B31E8EDC-7CF5-43B8-A5FF-E79668E800CF}.Debug|Mixed Platforms.ActiveCfg = Debug|Any CPU
		{B31E8EDC-7CF5-43B8-A5FF-E79668E800CF}.Debug|Mixed Platforms.Build.0 = Debug|Any CPU
		{B31E8EDC-7CF5-43B8-A5FF-E79668E800CF}.Debug|x86.ActiveCfg = Debug|Any CPU
		{B31E8EDC-7CF5-43B8-A5FF-E79668E800CF}.Release|Any CPU.ActiveCfg = Release|Any CPU
		{B31E8EDC-7CF5-43B8-A5FF-E79668E800CF}.Release|Any CPU.Build.0 = Release|Any CPU
		{B31E8EDC-7CF5-43B8-A5FF-E79668E800CF}.Release|Mixed Platforms.ActiveCfg = Release|Any CPU
		{B31E8EDC-7CF5-43B8-A5FF-E79668E800CF}.Release|Mixed Platforms.Build.0 = Release|Any CPU
		{B31E8EDC-7CF5-43B8-A5FF-E79668E800CF}.Release|x86.ActiveCfg = Release|Any CPU
		{D70D1009-50C3-4171-A51C-97B7ACD7D42F}.Debug|Any CPU.ActiveCfg = Debug|Any CPU
		{D70D1009-50C3-4171-A51C-97B7ACD7D42F}.Debug|Any CPU.Build.0 = Debug|Any CPU
		{D70D1009-50C3-4171-A51C-97B7ACD7D42F}.Debug|Mixed Platforms.ActiveCfg = Debug|Any CPU
		{D70D1009-50C3-4171-A51C-97B7ACD7D42F}.Debug|Mixed Platforms.Build.0 = Debug|Any CPU
		{D70D1009-50C3-4171-A51C-97B7ACD7D42F}.Debug|x86.ActiveCfg = Debug|Any CPU
		{D70D1009-50C3-4171-A51C-97B7ACD7D42F}.Release|Any CPU.ActiveCfg = Release|Any CPU
		{D70D1009-50C3-4171-A51C-97B7ACD7D42F}.Release|Any CPU.Build.0 = Release|Any CPU
		{D70D1009-50C3-4171-A51C-97B7ACD7D42F}.Release|Mixed Platforms.ActiveCfg = Release|Any CPU
		{D70D1009-50C3-4171-A51C-97B7ACD7D42F}.Release|Mixed Platforms.Build.0 = Release|Any CPU
		{D70D1009-50C3-4171-A51C-97B7ACD7D42F}.Release|x86.ActiveCfg = Release|Any CPU
		{8D0003EE-F819-46FD-8791-E01AE2456A5E}.Debug|Any CPU.ActiveCfg = Debug|Any CPU
		{8D0003EE-F819-46FD-8791-E01AE2456A5E}.Debug|Any CPU.Build.0 = Debug|Any CPU
		{8D0003EE-F819-46FD-8791-E01AE2456A5E}.Debug|Mixed Platforms.ActiveCfg = Debug|Any CPU
		{8D0003EE-F819-46FD-8791-E01AE2456A5E}.Debug|Mixed Platforms.Build.0 = Debug|Any CPU
		{8D0003EE-F819-46FD-8791-E01AE2456A5E}.Debug|x86.ActiveCfg = Debug|Any CPU
		{8D0003EE-F819-46FD-8791-E01AE2456A5E}.Release|Any CPU.ActiveCfg = Release|Any CPU
		{8D0003EE-F819-46FD-8791-E01AE2456A5E}.Release|Any CPU.Build.0 = Release|Any CPU
		{8D0003EE-F819-46FD-8791-E01AE2456A5E}.Release|Mixed Platforms.ActiveCfg = Release|Any CPU
		{8D0003EE-F819-46FD-8791-E01AE2456A5E}.Release|Mixed Platforms.Build.0 = Release|Any CPU
		{8D0003EE-F819-46FD-8791-E01AE2456A5E}.Release|x86.ActiveCfg = Release|Any CPU
		{7BDC5E8F-976D-4AFA-95E0-66E1C3E23450}.Debug|Any CPU.ActiveCfg = Debug|Any CPU
		{7BDC5E8F-976D-4AFA-95E0-66E1C3E23450}.Debug|Any CPU.Build.0 = Debug|Any CPU
		{7BDC5E8F-976D-4AFA-95E0-66E1C3E23450}.Debug|Mixed Platforms.ActiveCfg = Debug|Any CPU
		{7BDC5E8F-976D-4AFA-95E0-66E1C3E23450}.Debug|Mixed Platforms.Build.0 = Debug|Any CPU
		{7BDC5E8F-976D-4AFA-95E0-66E1C3E23450}.Debug|x86.ActiveCfg = Debug|Any CPU
		{7BDC5E8F-976D-4AFA-95E0-66E1C3E23450}.Release|Any CPU.ActiveCfg = Release|Any CPU
		{7BDC5E8F-976D-4AFA-95E0-66E1C3E23450}.Release|Any CPU.Build.0 = Release|Any CPU
		{7BDC5E8F-976D-4AFA-95E0-66E1C3E23450}.Release|Mixed Platforms.ActiveCfg = Release|Any CPU
		{7BDC5E8F-976D-4AFA-95E0-66E1C3E23450}.Release|Mixed Platforms.Build.0 = Release|Any CPU
		{7BDC5E8F-976D-4AFA-95E0-66E1C3E23450}.Release|x86.ActiveCfg = Release|Any CPU
		{FB3A8590-E912-4328-B94C-635F9F1599B1}.Debug|Any CPU.ActiveCfg = Debug|Any CPU
		{FB3A8590-E912-4328-B94C-635F9F1599B1}.Debug|Any CPU.Build.0 = Debug|Any CPU
		{FB3A8590-E912-4328-B94C-635F9F1599B1}.Debug|Mixed Platforms.ActiveCfg = Debug|Any CPU
		{FB3A8590-E912-4328-B94C-635F9F1599B1}.Debug|Mixed Platforms.Build.0 = Debug|Any CPU
		{FB3A8590-E912-4328-B94C-635F9F1599B1}.Debug|x86.ActiveCfg = Debug|Any CPU
		{FB3A8590-E912-4328-B94C-635F9F1599B1}.Release|Any CPU.ActiveCfg = Release|Any CPU
		{FB3A8590-E912-4328-B94C-635F9F1599B1}.Release|Any CPU.Build.0 = Release|Any CPU
		{FB3A8590-E912-4328-B94C-635F9F1599B1}.Release|Mixed Platforms.ActiveCfg = Release|Any CPU
		{FB3A8590-E912-4328-B94C-635F9F1599B1}.Release|Mixed Platforms.Build.0 = Release|Any CPU
		{FB3A8590-E912-4328-B94C-635F9F1599B1}.Release|x86.ActiveCfg = Release|Any CPU
		{7B4673A6-8617-4D2C-B275-D356696AA00D}.Debug|Any CPU.ActiveCfg = Debug|Any CPU
		{7B4673A6-8617-4D2C-B275-D356696AA00D}.Debug|Any CPU.Build.0 = Debug|Any CPU
		{7B4673A6-8617-4D2C-B275-D356696AA00D}.Debug|Mixed Platforms.ActiveCfg = Debug|Any CPU
		{7B4673A6-8617-4D2C-B275-D356696AA00D}.Debug|Mixed Platforms.Build.0 = Debug|Any CPU
		{7B4673A6-8617-4D2C-B275-D356696AA00D}.Debug|x86.ActiveCfg = Debug|Any CPU
		{7B4673A6-8617-4D2C-B275-D356696AA00D}.Release|Any CPU.ActiveCfg = Release|Any CPU
		{7B4673A6-8617-4D2C-B275-D356696AA00D}.Release|Any CPU.Build.0 = Release|Any CPU
		{7B4673A6-8617-4D2C-B275-D356696AA00D}.Release|Mixed Platforms.ActiveCfg = Release|Any CPU
		{7B4673A6-8617-4D2C-B275-D356696AA00D}.Release|Mixed Platforms.Build.0 = Release|Any CPU
		{7B4673A6-8617-4D2C-B275-D356696AA00D}.Release|x86.ActiveCfg = Release|Any CPU
		{74702C51-8486-4E7D-A880-997E4ECF457D}.Debug|Any CPU.ActiveCfg = Debug|Any CPU
		{74702C51-8486-4E7D-A880-997E4ECF457D}.Debug|Any CPU.Build.0 = Debug|Any CPU
		{74702C51-8486-4E7D-A880-997E4ECF457D}.Debug|Mixed Platforms.ActiveCfg = Debug|Any CPU
		{74702C51-8486-4E7D-A880-997E4ECF457D}.Debug|Mixed Platforms.Build.0 = Debug|Any CPU
		{74702C51-8486-4E7D-A880-997E4ECF457D}.Debug|x86.ActiveCfg = Debug|Any CPU
		{74702C51-8486-4E7D-A880-997E4ECF457D}.Release|Any CPU.ActiveCfg = Release|Any CPU
		{74702C51-8486-4E7D-A880-997E4ECF457D}.Release|Any CPU.Build.0 = Release|Any CPU
		{74702C51-8486-4E7D-A880-997E4ECF457D}.Release|Mixed Platforms.ActiveCfg = Release|Any CPU
		{74702C51-8486-4E7D-A880-997E4ECF457D}.Release|Mixed Platforms.Build.0 = Release|Any CPU
		{74702C51-8486-4E7D-A880-997E4ECF457D}.Release|x86.ActiveCfg = Release|Any CPU
		{18DD24FA-7F73-4DA8-AB64-7F569D750D4B}.Debug|Any CPU.ActiveCfg = Debug|Any CPU
		{18DD24FA-7F73-4DA8-AB64-7F569D750D4B}.Debug|Any CPU.Build.0 = Debug|Any CPU
		{18DD24FA-7F73-4DA8-AB64-7F569D750D4B}.Debug|Mixed Platforms.ActiveCfg = Debug|Any CPU
		{18DD24FA-7F73-4DA8-AB64-7F569D750D4B}.Debug|Mixed Platforms.Build.0 = Debug|Any CPU
		{18DD24FA-7F73-4DA8-AB64-7F569D750D4B}.Debug|x86.ActiveCfg = Debug|Any CPU
		{18DD24FA-7F73-4DA8-AB64-7F569D750D4B}.Release|Any CPU.ActiveCfg = Release|Any CPU
		{18DD24FA-7F73-4DA8-AB64-7F569D750D4B}.Release|Any CPU.Build.0 = Release|Any CPU
		{18DD24FA-7F73-4DA8-AB64-7F569D750D4B}.Release|Mixed Platforms.ActiveCfg = Release|Any CPU
		{18DD24FA-7F73-4DA8-AB64-7F569D750D4B}.Release|Mixed Platforms.Build.0 = Release|Any CPU
		{18DD24FA-7F73-4DA8-AB64-7F569D750D4B}.Release|x86.ActiveCfg = Release|Any CPU
		{4D083F28-AE94-4FF7-B010-9B96701C1B3C}.Debug|Any CPU.ActiveCfg = Debug|Any CPU
		{4D083F28-AE94-4FF7-B010-9B96701C1B3C}.Debug|Any CPU.Build.0 = Debug|Any CPU
		{4D083F28-AE94-4FF7-B010-9B96701C1B3C}.Debug|Mixed Platforms.ActiveCfg = Debug|Any CPU
		{4D083F28-AE94-4FF7-B010-9B96701C1B3C}.Debug|Mixed Platforms.Build.0 = Debug|Any CPU
		{4D083F28-AE94-4FF7-B010-9B96701C1B3C}.Debug|x86.ActiveCfg = Debug|Any CPU
		{4D083F28-AE94-4FF7-B010-9B96701C1B3C}.Release|Any CPU.ActiveCfg = Release|Any CPU
		{4D083F28-AE94-4FF7-B010-9B96701C1B3C}.Release|Any CPU.Build.0 = Release|Any CPU
		{4D083F28-AE94-4FF7-B010-9B96701C1B3C}.Release|Mixed Platforms.ActiveCfg = Release|Any CPU
		{4D083F28-AE94-4FF7-B010-9B96701C1B3C}.Release|Mixed Platforms.Build.0 = Release|Any CPU
		{4D083F28-AE94-4FF7-B010-9B96701C1B3C}.Release|x86.ActiveCfg = Release|Any CPU
		{9146E557-7058-4063-A146-36C5A923E61F}.Debug|Any CPU.ActiveCfg = Debug|Any CPU
		{9146E557-7058-4063-A146-36C5A923E61F}.Debug|Any CPU.Build.0 = Debug|Any CPU
		{9146E557-7058-4063-A146-36C5A923E61F}.Debug|Mixed Platforms.ActiveCfg = Debug|Any CPU
		{9146E557-7058-4063-A146-36C5A923E61F}.Debug|Mixed Platforms.Build.0 = Debug|Any CPU
		{9146E557-7058-4063-A146-36C5A923E61F}.Debug|x86.ActiveCfg = Debug|Any CPU
		{9146E557-7058-4063-A146-36C5A923E61F}.Release|Any CPU.ActiveCfg = Release|Any CPU
		{9146E557-7058-4063-A146-36C5A923E61F}.Release|Any CPU.Build.0 = Release|Any CPU
		{9146E557-7058-4063-A146-36C5A923E61F}.Release|Mixed Platforms.ActiveCfg = Release|Any CPU
		{9146E557-7058-4063-A146-36C5A923E61F}.Release|Mixed Platforms.Build.0 = Release|Any CPU
		{9146E557-7058-4063-A146-36C5A923E61F}.Release|x86.ActiveCfg = Release|Any CPU
		{BB10E1E3-9788-4CB6-9180-0E0D7BBB66F8}.Debug|Any CPU.ActiveCfg = Debug|Any CPU
		{BB10E1E3-9788-4CB6-9180-0E0D7BBB66F8}.Debug|Any CPU.Build.0 = Debug|Any CPU
		{BB10E1E3-9788-4CB6-9180-0E0D7BBB66F8}.Debug|Mixed Platforms.ActiveCfg = Debug|Any CPU
		{BB10E1E3-9788-4CB6-9180-0E0D7BBB66F8}.Debug|Mixed Platforms.Build.0 = Debug|Any CPU
		{BB10E1E3-9788-4CB6-9180-0E0D7BBB66F8}.Debug|x86.ActiveCfg = Debug|Any CPU
		{BB10E1E3-9788-4CB6-9180-0E0D7BBB66F8}.Release|Any CPU.ActiveCfg = Release|Any CPU
		{BB10E1E3-9788-4CB6-9180-0E0D7BBB66F8}.Release|Any CPU.Build.0 = Release|Any CPU
		{BB10E1E3-9788-4CB6-9180-0E0D7BBB66F8}.Release|Mixed Platforms.ActiveCfg = Release|Any CPU
		{BB10E1E3-9788-4CB6-9180-0E0D7BBB66F8}.Release|Mixed Platforms.Build.0 = Release|Any CPU
		{BB10E1E3-9788-4CB6-9180-0E0D7BBB66F8}.Release|x86.ActiveCfg = Release|Any CPU
		{F710CA0A-7490-4B61-AE96-0E46F7B7702C}.Debug|Any CPU.ActiveCfg = Debug|Any CPU
		{F710CA0A-7490-4B61-AE96-0E46F7B7702C}.Debug|Any CPU.Build.0 = Debug|Any CPU
		{F710CA0A-7490-4B61-AE96-0E46F7B7702C}.Debug|Mixed Platforms.ActiveCfg = Debug|Any CPU
		{F710CA0A-7490-4B61-AE96-0E46F7B7702C}.Debug|Mixed Platforms.Build.0 = Debug|Any CPU
		{F710CA0A-7490-4B61-AE96-0E46F7B7702C}.Debug|x86.ActiveCfg = Debug|Any CPU
		{F710CA0A-7490-4B61-AE96-0E46F7B7702C}.Release|Any CPU.ActiveCfg = Release|Any CPU
		{F710CA0A-7490-4B61-AE96-0E46F7B7702C}.Release|Any CPU.Build.0 = Release|Any CPU
		{F710CA0A-7490-4B61-AE96-0E46F7B7702C}.Release|Mixed Platforms.ActiveCfg = Release|Any CPU
		{F710CA0A-7490-4B61-AE96-0E46F7B7702C}.Release|Mixed Platforms.Build.0 = Release|Any CPU
		{F710CA0A-7490-4B61-AE96-0E46F7B7702C}.Release|x86.ActiveCfg = Release|Any CPU
		{C8A062D6-03AE-4376-A714-2792B7055899}.Debug|Any CPU.ActiveCfg = Debug|Any CPU
		{C8A062D6-03AE-4376-A714-2792B7055899}.Debug|Any CPU.Build.0 = Debug|Any CPU
		{C8A062D6-03AE-4376-A714-2792B7055899}.Debug|Mixed Platforms.ActiveCfg = Debug|Any CPU
		{C8A062D6-03AE-4376-A714-2792B7055899}.Debug|Mixed Platforms.Build.0 = Debug|Any CPU
		{C8A062D6-03AE-4376-A714-2792B7055899}.Debug|x86.ActiveCfg = Debug|Any CPU
		{C8A062D6-03AE-4376-A714-2792B7055899}.Release|Any CPU.ActiveCfg = Release|Any CPU
		{C8A062D6-03AE-4376-A714-2792B7055899}.Release|Any CPU.Build.0 = Release|Any CPU
		{C8A062D6-03AE-4376-A714-2792B7055899}.Release|Mixed Platforms.ActiveCfg = Release|Any CPU
		{C8A062D6-03AE-4376-A714-2792B7055899}.Release|Mixed Platforms.Build.0 = Release|Any CPU
		{C8A062D6-03AE-4376-A714-2792B7055899}.Release|x86.ActiveCfg = Release|Any CPU
		{107882FA-CD93-4D59-9C58-6AA554BA3883}.Debug|Any CPU.ActiveCfg = Debug|Any CPU
		{107882FA-CD93-4D59-9C58-6AA554BA3883}.Debug|Any CPU.Build.0 = Debug|Any CPU
		{107882FA-CD93-4D59-9C58-6AA554BA3883}.Debug|Mixed Platforms.ActiveCfg = Debug|Any CPU
		{107882FA-CD93-4D59-9C58-6AA554BA3883}.Debug|Mixed Platforms.Build.0 = Debug|Any CPU
		{107882FA-CD93-4D59-9C58-6AA554BA3883}.Debug|x86.ActiveCfg = Debug|Any CPU
		{107882FA-CD93-4D59-9C58-6AA554BA3883}.Release|Any CPU.ActiveCfg = Release|Any CPU
		{107882FA-CD93-4D59-9C58-6AA554BA3883}.Release|Any CPU.Build.0 = Release|Any CPU
		{107882FA-CD93-4D59-9C58-6AA554BA3883}.Release|Mixed Platforms.ActiveCfg = Release|Any CPU
		{107882FA-CD93-4D59-9C58-6AA554BA3883}.Release|Mixed Platforms.Build.0 = Release|Any CPU
		{107882FA-CD93-4D59-9C58-6AA554BA3883}.Release|x86.ActiveCfg = Release|Any CPU
		{1AD139BB-4AD4-424A-A951-8BCECFA953BA}.Debug|Any CPU.ActiveCfg = Debug|Any CPU
		{1AD139BB-4AD4-424A-A951-8BCECFA953BA}.Debug|Any CPU.Build.0 = Debug|Any CPU
		{1AD139BB-4AD4-424A-A951-8BCECFA953BA}.Debug|Mixed Platforms.ActiveCfg = Debug|Any CPU
		{1AD139BB-4AD4-424A-A951-8BCECFA953BA}.Debug|Mixed Platforms.Build.0 = Debug|Any CPU
		{1AD139BB-4AD4-424A-A951-8BCECFA953BA}.Debug|x86.ActiveCfg = Debug|Any CPU
		{1AD139BB-4AD4-424A-A951-8BCECFA953BA}.Release|Any CPU.ActiveCfg = Release|Any CPU
		{1AD139BB-4AD4-424A-A951-8BCECFA953BA}.Release|Any CPU.Build.0 = Release|Any CPU
		{1AD139BB-4AD4-424A-A951-8BCECFA953BA}.Release|Mixed Platforms.ActiveCfg = Release|Any CPU
		{1AD139BB-4AD4-424A-A951-8BCECFA953BA}.Release|Mixed Platforms.Build.0 = Release|Any CPU
		{1AD139BB-4AD4-424A-A951-8BCECFA953BA}.Release|x86.ActiveCfg = Release|Any CPU
		{A7A80FAE-7432-442D-BD5B-B931B72A9FEC}.Debug|Any CPU.ActiveCfg = Debug|Any CPU
		{A7A80FAE-7432-442D-BD5B-B931B72A9FEC}.Debug|Any CPU.Build.0 = Debug|Any CPU
		{A7A80FAE-7432-442D-BD5B-B931B72A9FEC}.Debug|Mixed Platforms.ActiveCfg = Debug|Any CPU
		{A7A80FAE-7432-442D-BD5B-B931B72A9FEC}.Debug|Mixed Platforms.Build.0 = Debug|Any CPU
		{A7A80FAE-7432-442D-BD5B-B931B72A9FEC}.Debug|x86.ActiveCfg = Debug|Any CPU
		{A7A80FAE-7432-442D-BD5B-B931B72A9FEC}.Release|Any CPU.ActiveCfg = Release|Any CPU
		{A7A80FAE-7432-442D-BD5B-B931B72A9FEC}.Release|Any CPU.Build.0 = Release|Any CPU
		{A7A80FAE-7432-442D-BD5B-B931B72A9FEC}.Release|Mixed Platforms.ActiveCfg = Release|Any CPU
		{A7A80FAE-7432-442D-BD5B-B931B72A9FEC}.Release|Mixed Platforms.Build.0 = Release|Any CPU
		{A7A80FAE-7432-442D-BD5B-B931B72A9FEC}.Release|x86.ActiveCfg = Release|Any CPU
		{66CBB214-DA80-40EF-917C-DEB3DAC72AF7}.Debug|Any CPU.ActiveCfg = Debug|Any CPU
		{66CBB214-DA80-40EF-917C-DEB3DAC72AF7}.Debug|Any CPU.Build.0 = Debug|Any CPU
		{66CBB214-DA80-40EF-917C-DEB3DAC72AF7}.Debug|Mixed Platforms.ActiveCfg = Debug|Any CPU
		{66CBB214-DA80-40EF-917C-DEB3DAC72AF7}.Debug|Mixed Platforms.Build.0 = Debug|Any CPU
		{66CBB214-DA80-40EF-917C-DEB3DAC72AF7}.Debug|x86.ActiveCfg = Debug|Any CPU
		{66CBB214-DA80-40EF-917C-DEB3DAC72AF7}.Release|Any CPU.ActiveCfg = Release|Any CPU
		{66CBB214-DA80-40EF-917C-DEB3DAC72AF7}.Release|Any CPU.Build.0 = Release|Any CPU
		{66CBB214-DA80-40EF-917C-DEB3DAC72AF7}.Release|Mixed Platforms.ActiveCfg = Release|Any CPU
		{66CBB214-DA80-40EF-917C-DEB3DAC72AF7}.Release|Mixed Platforms.Build.0 = Release|Any CPU
		{66CBB214-DA80-40EF-917C-DEB3DAC72AF7}.Release|x86.ActiveCfg = Release|Any CPU
		{28B95EEB-670E-4F5E-AFBD-240BF193C7C1}.Debug|Any CPU.ActiveCfg = Debug|Any CPU
		{28B95EEB-670E-4F5E-AFBD-240BF193C7C1}.Debug|Any CPU.Build.0 = Debug|Any CPU
		{28B95EEB-670E-4F5E-AFBD-240BF193C7C1}.Debug|Mixed Platforms.ActiveCfg = Debug|Any CPU
		{28B95EEB-670E-4F5E-AFBD-240BF193C7C1}.Debug|Mixed Platforms.Build.0 = Debug|Any CPU
		{28B95EEB-670E-4F5E-AFBD-240BF193C7C1}.Debug|x86.ActiveCfg = Debug|Any CPU
		{28B95EEB-670E-4F5E-AFBD-240BF193C7C1}.Release|Any CPU.ActiveCfg = Release|Any CPU
		{28B95EEB-670E-4F5E-AFBD-240BF193C7C1}.Release|Any CPU.Build.0 = Release|Any CPU
		{28B95EEB-670E-4F5E-AFBD-240BF193C7C1}.Release|Mixed Platforms.ActiveCfg = Release|Any CPU
		{28B95EEB-670E-4F5E-AFBD-240BF193C7C1}.Release|Mixed Platforms.Build.0 = Release|Any CPU
		{28B95EEB-670E-4F5E-AFBD-240BF193C7C1}.Release|x86.ActiveCfg = Release|Any CPU
		{2A632EF6-E561-4E95-8F1A-BC5C4EBD4A97}.Debug|Any CPU.ActiveCfg = Debug|Any CPU
		{2A632EF6-E561-4E95-8F1A-BC5C4EBD4A97}.Debug|Any CPU.Build.0 = Debug|Any CPU
		{2A632EF6-E561-4E95-8F1A-BC5C4EBD4A97}.Debug|Mixed Platforms.ActiveCfg = Debug|Any CPU
		{2A632EF6-E561-4E95-8F1A-BC5C4EBD4A97}.Debug|Mixed Platforms.Build.0 = Debug|Any CPU
		{2A632EF6-E561-4E95-8F1A-BC5C4EBD4A97}.Debug|x86.ActiveCfg = Debug|Any CPU
		{2A632EF6-E561-4E95-8F1A-BC5C4EBD4A97}.Release|Any CPU.ActiveCfg = Release|Any CPU
		{2A632EF6-E561-4E95-8F1A-BC5C4EBD4A97}.Release|Any CPU.Build.0 = Release|Any CPU
		{2A632EF6-E561-4E95-8F1A-BC5C4EBD4A97}.Release|Mixed Platforms.ActiveCfg = Release|Any CPU
		{2A632EF6-E561-4E95-8F1A-BC5C4EBD4A97}.Release|Mixed Platforms.Build.0 = Release|Any CPU
		{2A632EF6-E561-4E95-8F1A-BC5C4EBD4A97}.Release|x86.ActiveCfg = Release|Any CPU
		{2D27295F-467C-4055-9EA0-38B7DD9D1A7E}.Debug|Any CPU.ActiveCfg = Debug|Any CPU
		{2D27295F-467C-4055-9EA0-38B7DD9D1A7E}.Debug|Any CPU.Build.0 = Debug|Any CPU
		{2D27295F-467C-4055-9EA0-38B7DD9D1A7E}.Debug|Mixed Platforms.ActiveCfg = Debug|Any CPU
		{2D27295F-467C-4055-9EA0-38B7DD9D1A7E}.Debug|Mixed Platforms.Build.0 = Debug|Any CPU
		{2D27295F-467C-4055-9EA0-38B7DD9D1A7E}.Debug|x86.ActiveCfg = Debug|Any CPU
		{2D27295F-467C-4055-9EA0-38B7DD9D1A7E}.Release|Any CPU.ActiveCfg = Release|Any CPU
		{2D27295F-467C-4055-9EA0-38B7DD9D1A7E}.Release|Any CPU.Build.0 = Release|Any CPU
		{2D27295F-467C-4055-9EA0-38B7DD9D1A7E}.Release|Mixed Platforms.ActiveCfg = Release|Any CPU
		{2D27295F-467C-4055-9EA0-38B7DD9D1A7E}.Release|Mixed Platforms.Build.0 = Release|Any CPU
		{2D27295F-467C-4055-9EA0-38B7DD9D1A7E}.Release|x86.ActiveCfg = Release|Any CPU
		{1BF6425D-CD1C-44BA-8C27-5EFD43262859}.Debug|Any CPU.ActiveCfg = Debug|Any CPU
		{1BF6425D-CD1C-44BA-8C27-5EFD43262859}.Debug|Any CPU.Build.0 = Debug|Any CPU
		{1BF6425D-CD1C-44BA-8C27-5EFD43262859}.Debug|Mixed Platforms.ActiveCfg = Debug|Any CPU
		{1BF6425D-CD1C-44BA-8C27-5EFD43262859}.Debug|Mixed Platforms.Build.0 = Debug|Any CPU
		{1BF6425D-CD1C-44BA-8C27-5EFD43262859}.Debug|x86.ActiveCfg = Debug|Any CPU
		{1BF6425D-CD1C-44BA-8C27-5EFD43262859}.Release|Any CPU.ActiveCfg = Release|Any CPU
		{1BF6425D-CD1C-44BA-8C27-5EFD43262859}.Release|Any CPU.Build.0 = Release|Any CPU
		{1BF6425D-CD1C-44BA-8C27-5EFD43262859}.Release|Mixed Platforms.ActiveCfg = Release|Any CPU
		{1BF6425D-CD1C-44BA-8C27-5EFD43262859}.Release|Mixed Platforms.Build.0 = Release|Any CPU
		{1BF6425D-CD1C-44BA-8C27-5EFD43262859}.Release|x86.ActiveCfg = Release|Any CPU
		{51D50C0F-0E25-464F-9D79-B75074794EFD}.Debug|Any CPU.ActiveCfg = Debug|Any CPU
		{51D50C0F-0E25-464F-9D79-B75074794EFD}.Debug|Any CPU.Build.0 = Debug|Any CPU
		{51D50C0F-0E25-464F-9D79-B75074794EFD}.Debug|Mixed Platforms.ActiveCfg = Debug|Any CPU
		{51D50C0F-0E25-464F-9D79-B75074794EFD}.Debug|Mixed Platforms.Build.0 = Debug|Any CPU
		{51D50C0F-0E25-464F-9D79-B75074794EFD}.Debug|x86.ActiveCfg = Debug|Any CPU
		{51D50C0F-0E25-464F-9D79-B75074794EFD}.Release|Any CPU.ActiveCfg = Release|Any CPU
		{51D50C0F-0E25-464F-9D79-B75074794EFD}.Release|Any CPU.Build.0 = Release|Any CPU
		{51D50C0F-0E25-464F-9D79-B75074794EFD}.Release|Mixed Platforms.ActiveCfg = Release|Any CPU
		{51D50C0F-0E25-464F-9D79-B75074794EFD}.Release|Mixed Platforms.Build.0 = Release|Any CPU
		{51D50C0F-0E25-464F-9D79-B75074794EFD}.Release|x86.ActiveCfg = Release|Any CPU
		{F212AB93-542D-4D59-A7DD-59ECCE816898}.Debug|Any CPU.ActiveCfg = Debug|Any CPU
		{F212AB93-542D-4D59-A7DD-59ECCE816898}.Debug|Any CPU.Build.0 = Debug|Any CPU
		{F212AB93-542D-4D59-A7DD-59ECCE816898}.Debug|Mixed Platforms.ActiveCfg = Debug|Any CPU
		{F212AB93-542D-4D59-A7DD-59ECCE816898}.Debug|Mixed Platforms.Build.0 = Debug|Any CPU
		{F212AB93-542D-4D59-A7DD-59ECCE816898}.Debug|x86.ActiveCfg = Debug|Any CPU
		{F212AB93-542D-4D59-A7DD-59ECCE816898}.Release|Any CPU.ActiveCfg = Release|Any CPU
		{F212AB93-542D-4D59-A7DD-59ECCE816898}.Release|Any CPU.Build.0 = Release|Any CPU
		{F212AB93-542D-4D59-A7DD-59ECCE816898}.Release|Mixed Platforms.ActiveCfg = Release|Any CPU
		{F212AB93-542D-4D59-A7DD-59ECCE816898}.Release|Mixed Platforms.Build.0 = Release|Any CPU
		{F212AB93-542D-4D59-A7DD-59ECCE816898}.Release|x86.ActiveCfg = Release|Any CPU
		{BEE8B935-C087-4080-BD0E-D74EECA871F5}.Debug|Any CPU.ActiveCfg = Debug|Any CPU
		{BEE8B935-C087-4080-BD0E-D74EECA871F5}.Debug|Any CPU.Build.0 = Debug|Any CPU
		{BEE8B935-C087-4080-BD0E-D74EECA871F5}.Debug|Mixed Platforms.ActiveCfg = Debug|Any CPU
		{BEE8B935-C087-4080-BD0E-D74EECA871F5}.Debug|Mixed Platforms.Build.0 = Debug|Any CPU
		{BEE8B935-C087-4080-BD0E-D74EECA871F5}.Debug|x86.ActiveCfg = Debug|Any CPU
		{BEE8B935-C087-4080-BD0E-D74EECA871F5}.Release|Any CPU.ActiveCfg = Release|Any CPU
		{BEE8B935-C087-4080-BD0E-D74EECA871F5}.Release|Any CPU.Build.0 = Release|Any CPU
		{BEE8B935-C087-4080-BD0E-D74EECA871F5}.Release|Mixed Platforms.ActiveCfg = Release|Any CPU
		{BEE8B935-C087-4080-BD0E-D74EECA871F5}.Release|Mixed Platforms.Build.0 = Release|Any CPU
		{BEE8B935-C087-4080-BD0E-D74EECA871F5}.Release|x86.ActiveCfg = Release|Any CPU
		{0B7C21BD-3715-44C0-8331-3DCB2A86937B}.Debug|Any CPU.ActiveCfg = Debug|Any CPU
		{0B7C21BD-3715-44C0-8331-3DCB2A86937B}.Debug|Any CPU.Build.0 = Debug|Any CPU
		{0B7C21BD-3715-44C0-8331-3DCB2A86937B}.Debug|Mixed Platforms.ActiveCfg = Debug|Any CPU
		{0B7C21BD-3715-44C0-8331-3DCB2A86937B}.Debug|Mixed Platforms.Build.0 = Debug|Any CPU
		{0B7C21BD-3715-44C0-8331-3DCB2A86937B}.Debug|x86.ActiveCfg = Debug|Any CPU
		{0B7C21BD-3715-44C0-8331-3DCB2A86937B}.Release|Any CPU.ActiveCfg = Release|Any CPU
		{0B7C21BD-3715-44C0-8331-3DCB2A86937B}.Release|Any CPU.Build.0 = Release|Any CPU
		{0B7C21BD-3715-44C0-8331-3DCB2A86937B}.Release|Mixed Platforms.ActiveCfg = Release|Any CPU
		{0B7C21BD-3715-44C0-8331-3DCB2A86937B}.Release|Mixed Platforms.Build.0 = Release|Any CPU
		{0B7C21BD-3715-44C0-8331-3DCB2A86937B}.Release|x86.ActiveCfg = Release|Any CPU
		{FB5F6018-D738-449E-8736-57F5B1B41CD6}.Debug|Any CPU.ActiveCfg = Debug|Any CPU
		{FB5F6018-D738-449E-8736-57F5B1B41CD6}.Debug|Any CPU.Build.0 = Debug|Any CPU
		{FB5F6018-D738-449E-8736-57F5B1B41CD6}.Debug|Mixed Platforms.ActiveCfg = Debug|Any CPU
		{FB5F6018-D738-449E-8736-57F5B1B41CD6}.Debug|Mixed Platforms.Build.0 = Debug|Any CPU
		{FB5F6018-D738-449E-8736-57F5B1B41CD6}.Debug|x86.ActiveCfg = Debug|Any CPU
		{FB5F6018-D738-449E-8736-57F5B1B41CD6}.Release|Any CPU.ActiveCfg = Release|Any CPU
		{FB5F6018-D738-449E-8736-57F5B1B41CD6}.Release|Any CPU.Build.0 = Release|Any CPU
		{FB5F6018-D738-449E-8736-57F5B1B41CD6}.Release|Mixed Platforms.ActiveCfg = Release|Any CPU
		{FB5F6018-D738-449E-8736-57F5B1B41CD6}.Release|Mixed Platforms.Build.0 = Release|Any CPU
		{FB5F6018-D738-449E-8736-57F5B1B41CD6}.Release|x86.ActiveCfg = Release|Any CPU
		{D17CEE34-340B-496B-B6B0-AB632263A6DB}.Debug|Any CPU.ActiveCfg = Debug|Any CPU
		{D17CEE34-340B-496B-B6B0-AB632263A6DB}.Debug|Any CPU.Build.0 = Debug|Any CPU
		{D17CEE34-340B-496B-B6B0-AB632263A6DB}.Debug|Mixed Platforms.ActiveCfg = Debug|Any CPU
		{D17CEE34-340B-496B-B6B0-AB632263A6DB}.Debug|Mixed Platforms.Build.0 = Debug|Any CPU
		{D17CEE34-340B-496B-B6B0-AB632263A6DB}.Debug|x86.ActiveCfg = Debug|Any CPU
		{D17CEE34-340B-496B-B6B0-AB632263A6DB}.Release|Any CPU.ActiveCfg = Release|Any CPU
		{D17CEE34-340B-496B-B6B0-AB632263A6DB}.Release|Any CPU.Build.0 = Release|Any CPU
		{D17CEE34-340B-496B-B6B0-AB632263A6DB}.Release|Mixed Platforms.ActiveCfg = Release|Any CPU
		{D17CEE34-340B-496B-B6B0-AB632263A6DB}.Release|Mixed Platforms.Build.0 = Release|Any CPU
		{D17CEE34-340B-496B-B6B0-AB632263A6DB}.Release|x86.ActiveCfg = Release|Any CPU
		{23B79501-1B4A-4D31-8DCF-A580056EF0A1}.Debug|Any CPU.ActiveCfg = Debug|Any CPU
		{23B79501-1B4A-4D31-8DCF-A580056EF0A1}.Debug|Any CPU.Build.0 = Debug|Any CPU
		{23B79501-1B4A-4D31-8DCF-A580056EF0A1}.Debug|Mixed Platforms.ActiveCfg = Debug|Any CPU
		{23B79501-1B4A-4D31-8DCF-A580056EF0A1}.Debug|Mixed Platforms.Build.0 = Debug|Any CPU
		{23B79501-1B4A-4D31-8DCF-A580056EF0A1}.Debug|x86.ActiveCfg = Debug|Any CPU
		{23B79501-1B4A-4D31-8DCF-A580056EF0A1}.Release|Any CPU.ActiveCfg = Release|Any CPU
		{23B79501-1B4A-4D31-8DCF-A580056EF0A1}.Release|Any CPU.Build.0 = Release|Any CPU
		{23B79501-1B4A-4D31-8DCF-A580056EF0A1}.Release|Mixed Platforms.ActiveCfg = Release|Any CPU
		{23B79501-1B4A-4D31-8DCF-A580056EF0A1}.Release|Mixed Platforms.Build.0 = Release|Any CPU
		{23B79501-1B4A-4D31-8DCF-A580056EF0A1}.Release|x86.ActiveCfg = Release|Any CPU
		{0784D051-F778-4E06-9185-B8CC64075497}.Debug|Any CPU.ActiveCfg = Debug|Any CPU
		{0784D051-F778-4E06-9185-B8CC64075497}.Debug|Any CPU.Build.0 = Debug|Any CPU
		{0784D051-F778-4E06-9185-B8CC64075497}.Debug|Mixed Platforms.ActiveCfg = Debug|Any CPU
		{0784D051-F778-4E06-9185-B8CC64075497}.Debug|Mixed Platforms.Build.0 = Debug|Any CPU
		{0784D051-F778-4E06-9185-B8CC64075497}.Debug|x86.ActiveCfg = Debug|Any CPU
		{0784D051-F778-4E06-9185-B8CC64075497}.Release|Any CPU.ActiveCfg = Release|Any CPU
		{0784D051-F778-4E06-9185-B8CC64075497}.Release|Any CPU.Build.0 = Release|Any CPU
		{0784D051-F778-4E06-9185-B8CC64075497}.Release|Mixed Platforms.ActiveCfg = Release|Any CPU
		{0784D051-F778-4E06-9185-B8CC64075497}.Release|Mixed Platforms.Build.0 = Release|Any CPU
		{0784D051-F778-4E06-9185-B8CC64075497}.Release|x86.ActiveCfg = Release|Any CPU
		{43D32D26-29E0-419D-AB30-D3250F575F2D}.Debug|Any CPU.ActiveCfg = Debug|Any CPU
		{43D32D26-29E0-419D-AB30-D3250F575F2D}.Debug|Any CPU.Build.0 = Debug|Any CPU
		{43D32D26-29E0-419D-AB30-D3250F575F2D}.Debug|Mixed Platforms.ActiveCfg = Debug|Any CPU
		{43D32D26-29E0-419D-AB30-D3250F575F2D}.Debug|Mixed Platforms.Build.0 = Debug|Any CPU
		{43D32D26-29E0-419D-AB30-D3250F575F2D}.Debug|x86.ActiveCfg = Debug|Any CPU
		{43D32D26-29E0-419D-AB30-D3250F575F2D}.Release|Any CPU.ActiveCfg = Release|Any CPU
		{43D32D26-29E0-419D-AB30-D3250F575F2D}.Release|Any CPU.Build.0 = Release|Any CPU
		{43D32D26-29E0-419D-AB30-D3250F575F2D}.Release|Mixed Platforms.ActiveCfg = Release|Any CPU
		{43D32D26-29E0-419D-AB30-D3250F575F2D}.Release|Mixed Platforms.Build.0 = Release|Any CPU
		{43D32D26-29E0-419D-AB30-D3250F575F2D}.Release|x86.ActiveCfg = Release|Any CPU
		{9B8B8CFC-339D-4844-8C4F-7D8B50DA1624}.Debug|Any CPU.ActiveCfg = Debug|Any CPU
		{9B8B8CFC-339D-4844-8C4F-7D8B50DA1624}.Debug|Any CPU.Build.0 = Debug|Any CPU
		{9B8B8CFC-339D-4844-8C4F-7D8B50DA1624}.Debug|Mixed Platforms.ActiveCfg = Debug|Any CPU
		{9B8B8CFC-339D-4844-8C4F-7D8B50DA1624}.Debug|Mixed Platforms.Build.0 = Debug|Any CPU
		{9B8B8CFC-339D-4844-8C4F-7D8B50DA1624}.Debug|x86.ActiveCfg = Debug|Any CPU
		{9B8B8CFC-339D-4844-8C4F-7D8B50DA1624}.Release|Any CPU.ActiveCfg = Release|Any CPU
		{9B8B8CFC-339D-4844-8C4F-7D8B50DA1624}.Release|Any CPU.Build.0 = Release|Any CPU
		{9B8B8CFC-339D-4844-8C4F-7D8B50DA1624}.Release|Mixed Platforms.ActiveCfg = Release|Any CPU
		{9B8B8CFC-339D-4844-8C4F-7D8B50DA1624}.Release|Mixed Platforms.Build.0 = Release|Any CPU
		{9B8B8CFC-339D-4844-8C4F-7D8B50DA1624}.Release|x86.ActiveCfg = Release|Any CPU
		{BE677D27-B20C-4366-96AD-A286E7BE5CF5}.Debug|Any CPU.ActiveCfg = Debug|Any CPU
		{BE677D27-B20C-4366-96AD-A286E7BE5CF5}.Debug|Any CPU.Build.0 = Debug|Any CPU
		{BE677D27-B20C-4366-96AD-A286E7BE5CF5}.Debug|Mixed Platforms.ActiveCfg = Debug|Any CPU
		{BE677D27-B20C-4366-96AD-A286E7BE5CF5}.Debug|Mixed Platforms.Build.0 = Debug|Any CPU
		{BE677D27-B20C-4366-96AD-A286E7BE5CF5}.Debug|x86.ActiveCfg = Debug|Any CPU
		{BE677D27-B20C-4366-96AD-A286E7BE5CF5}.Release|Any CPU.ActiveCfg = Release|Any CPU
		{BE677D27-B20C-4366-96AD-A286E7BE5CF5}.Release|Any CPU.Build.0 = Release|Any CPU
		{BE677D27-B20C-4366-96AD-A286E7BE5CF5}.Release|Mixed Platforms.ActiveCfg = Release|Any CPU
		{BE677D27-B20C-4366-96AD-A286E7BE5CF5}.Release|Mixed Platforms.Build.0 = Release|Any CPU
		{BE677D27-B20C-4366-96AD-A286E7BE5CF5}.Release|x86.ActiveCfg = Release|Any CPU
		{B8F87DDB-24D5-4348-9505-21677AF518B9}.Debug|Any CPU.ActiveCfg = Debug|Any CPU
		{B8F87DDB-24D5-4348-9505-21677AF518B9}.Debug|Any CPU.Build.0 = Debug|Any CPU
		{B8F87DDB-24D5-4348-9505-21677AF518B9}.Debug|Mixed Platforms.ActiveCfg = Debug|Any CPU
		{B8F87DDB-24D5-4348-9505-21677AF518B9}.Debug|Mixed Platforms.Build.0 = Debug|Any CPU
		{B8F87DDB-24D5-4348-9505-21677AF518B9}.Debug|x86.ActiveCfg = Debug|Any CPU
		{B8F87DDB-24D5-4348-9505-21677AF518B9}.Release|Any CPU.ActiveCfg = Release|Any CPU
		{B8F87DDB-24D5-4348-9505-21677AF518B9}.Release|Any CPU.Build.0 = Release|Any CPU
		{B8F87DDB-24D5-4348-9505-21677AF518B9}.Release|Mixed Platforms.ActiveCfg = Release|Any CPU
		{B8F87DDB-24D5-4348-9505-21677AF518B9}.Release|Mixed Platforms.Build.0 = Release|Any CPU
		{B8F87DDB-24D5-4348-9505-21677AF518B9}.Release|x86.ActiveCfg = Release|Any CPU
		{9C6C0B7B-EBDF-4158-88BA-40F005AA5E64}.Debug|Any CPU.ActiveCfg = Debug|Any CPU
		{9C6C0B7B-EBDF-4158-88BA-40F005AA5E64}.Debug|Any CPU.Build.0 = Debug|Any CPU
		{9C6C0B7B-EBDF-4158-88BA-40F005AA5E64}.Debug|Mixed Platforms.ActiveCfg = Debug|Any CPU
		{9C6C0B7B-EBDF-4158-88BA-40F005AA5E64}.Debug|Mixed Platforms.Build.0 = Debug|Any CPU
		{9C6C0B7B-EBDF-4158-88BA-40F005AA5E64}.Debug|x86.ActiveCfg = Debug|Any CPU
		{9C6C0B7B-EBDF-4158-88BA-40F005AA5E64}.Release|Any CPU.ActiveCfg = Release|Any CPU
		{9C6C0B7B-EBDF-4158-88BA-40F005AA5E64}.Release|Any CPU.Build.0 = Release|Any CPU
		{9C6C0B7B-EBDF-4158-88BA-40F005AA5E64}.Release|Mixed Platforms.ActiveCfg = Release|Any CPU
		{9C6C0B7B-EBDF-4158-88BA-40F005AA5E64}.Release|Mixed Platforms.Build.0 = Release|Any CPU
		{9C6C0B7B-EBDF-4158-88BA-40F005AA5E64}.Release|x86.ActiveCfg = Release|Any CPU
		{D8377A07-E8CF-4EFD-9814-5C10EFF09281}.Debug|Any CPU.ActiveCfg = Debug|Any CPU
		{D8377A07-E8CF-4EFD-9814-5C10EFF09281}.Debug|Any CPU.Build.0 = Debug|Any CPU
		{D8377A07-E8CF-4EFD-9814-5C10EFF09281}.Debug|Mixed Platforms.ActiveCfg = Debug|Any CPU
		{D8377A07-E8CF-4EFD-9814-5C10EFF09281}.Debug|Mixed Platforms.Build.0 = Debug|Any CPU
		{D8377A07-E8CF-4EFD-9814-5C10EFF09281}.Debug|x86.ActiveCfg = Debug|Any CPU
		{D8377A07-E8CF-4EFD-9814-5C10EFF09281}.Release|Any CPU.ActiveCfg = Release|Any CPU
		{D8377A07-E8CF-4EFD-9814-5C10EFF09281}.Release|Any CPU.Build.0 = Release|Any CPU
		{D8377A07-E8CF-4EFD-9814-5C10EFF09281}.Release|Mixed Platforms.ActiveCfg = Release|Any CPU
		{D8377A07-E8CF-4EFD-9814-5C10EFF09281}.Release|Mixed Platforms.Build.0 = Release|Any CPU
		{D8377A07-E8CF-4EFD-9814-5C10EFF09281}.Release|x86.ActiveCfg = Release|Any CPU
		{9D4A8C5C-D6CE-4E73-9727-08237CB5342E}.Debug|Any CPU.ActiveCfg = Debug|Any CPU
		{9D4A8C5C-D6CE-4E73-9727-08237CB5342E}.Debug|Any CPU.Build.0 = Debug|Any CPU
		{9D4A8C5C-D6CE-4E73-9727-08237CB5342E}.Debug|Mixed Platforms.ActiveCfg = Debug|Any CPU
		{9D4A8C5C-D6CE-4E73-9727-08237CB5342E}.Debug|Mixed Platforms.Build.0 = Debug|Any CPU
		{9D4A8C5C-D6CE-4E73-9727-08237CB5342E}.Debug|x86.ActiveCfg = Debug|Any CPU
		{9D4A8C5C-D6CE-4E73-9727-08237CB5342E}.Release|Any CPU.ActiveCfg = Release|Any CPU
		{9D4A8C5C-D6CE-4E73-9727-08237CB5342E}.Release|Any CPU.Build.0 = Release|Any CPU
		{9D4A8C5C-D6CE-4E73-9727-08237CB5342E}.Release|Mixed Platforms.ActiveCfg = Release|Any CPU
		{9D4A8C5C-D6CE-4E73-9727-08237CB5342E}.Release|Mixed Platforms.Build.0 = Release|Any CPU
		{9D4A8C5C-D6CE-4E73-9727-08237CB5342E}.Release|x86.ActiveCfg = Release|Any CPU
		{A44769B3-3B65-411D-A878-D70E10F6B538}.Debug|Any CPU.ActiveCfg = Debug|Any CPU
		{A44769B3-3B65-411D-A878-D70E10F6B538}.Debug|Any CPU.Build.0 = Debug|Any CPU
		{A44769B3-3B65-411D-A878-D70E10F6B538}.Debug|Mixed Platforms.ActiveCfg = Debug|Any CPU
		{A44769B3-3B65-411D-A878-D70E10F6B538}.Debug|Mixed Platforms.Build.0 = Debug|Any CPU
		{A44769B3-3B65-411D-A878-D70E10F6B538}.Debug|x86.ActiveCfg = Debug|Any CPU
		{A44769B3-3B65-411D-A878-D70E10F6B538}.Release|Any CPU.ActiveCfg = Release|Any CPU
		{A44769B3-3B65-411D-A878-D70E10F6B538}.Release|Any CPU.Build.0 = Release|Any CPU
		{A44769B3-3B65-411D-A878-D70E10F6B538}.Release|Mixed Platforms.ActiveCfg = Release|Any CPU
		{A44769B3-3B65-411D-A878-D70E10F6B538}.Release|Mixed Platforms.Build.0 = Release|Any CPU
		{A44769B3-3B65-411D-A878-D70E10F6B538}.Release|x86.ActiveCfg = Release|Any CPU
		{8242573D-841E-46C5-A1EE-9D67685C5229}.Debug|Any CPU.ActiveCfg = Debug|Any CPU
		{8242573D-841E-46C5-A1EE-9D67685C5229}.Debug|Any CPU.Build.0 = Debug|Any CPU
		{8242573D-841E-46C5-A1EE-9D67685C5229}.Debug|Mixed Platforms.ActiveCfg = Debug|Any CPU
		{8242573D-841E-46C5-A1EE-9D67685C5229}.Debug|Mixed Platforms.Build.0 = Debug|Any CPU
		{8242573D-841E-46C5-A1EE-9D67685C5229}.Debug|x86.ActiveCfg = Debug|Any CPU
		{8242573D-841E-46C5-A1EE-9D67685C5229}.Release|Any CPU.ActiveCfg = Release|Any CPU
		{8242573D-841E-46C5-A1EE-9D67685C5229}.Release|Any CPU.Build.0 = Release|Any CPU
		{8242573D-841E-46C5-A1EE-9D67685C5229}.Release|Mixed Platforms.ActiveCfg = Release|Any CPU
		{8242573D-841E-46C5-A1EE-9D67685C5229}.Release|Mixed Platforms.Build.0 = Release|Any CPU
		{8242573D-841E-46C5-A1EE-9D67685C5229}.Release|x86.ActiveCfg = Release|Any CPU
		{A133B337-8915-4934-BC9C-D26D30485147}.Debug|Any CPU.ActiveCfg = Debug|Any CPU
		{A133B337-8915-4934-BC9C-D26D30485147}.Debug|Any CPU.Build.0 = Debug|Any CPU
		{A133B337-8915-4934-BC9C-D26D30485147}.Debug|Mixed Platforms.ActiveCfg = Debug|Any CPU
		{A133B337-8915-4934-BC9C-D26D30485147}.Debug|Mixed Platforms.Build.0 = Debug|Any CPU
		{A133B337-8915-4934-BC9C-D26D30485147}.Debug|x86.ActiveCfg = Debug|Any CPU
		{A133B337-8915-4934-BC9C-D26D30485147}.Release|Any CPU.ActiveCfg = Release|Any CPU
		{A133B337-8915-4934-BC9C-D26D30485147}.Release|Any CPU.Build.0 = Release|Any CPU
		{A133B337-8915-4934-BC9C-D26D30485147}.Release|Mixed Platforms.ActiveCfg = Release|Any CPU
		{A133B337-8915-4934-BC9C-D26D30485147}.Release|Mixed Platforms.Build.0 = Release|Any CPU
		{A133B337-8915-4934-BC9C-D26D30485147}.Release|x86.ActiveCfg = Release|Any CPU
		{62013F38-D560-4FB7-A679-2EE341EC4D39}.Debug|Any CPU.ActiveCfg = Debug|Any CPU
		{62013F38-D560-4FB7-A679-2EE341EC4D39}.Debug|Any CPU.Build.0 = Debug|Any CPU
		{62013F38-D560-4FB7-A679-2EE341EC4D39}.Debug|Mixed Platforms.ActiveCfg = Debug|Any CPU
		{62013F38-D560-4FB7-A679-2EE341EC4D39}.Debug|Mixed Platforms.Build.0 = Debug|Any CPU
		{62013F38-D560-4FB7-A679-2EE341EC4D39}.Debug|x86.ActiveCfg = Debug|Any CPU
		{62013F38-D560-4FB7-A679-2EE341EC4D39}.Release|Any CPU.ActiveCfg = Release|Any CPU
		{62013F38-D560-4FB7-A679-2EE341EC4D39}.Release|Any CPU.Build.0 = Release|Any CPU
		{62013F38-D560-4FB7-A679-2EE341EC4D39}.Release|Mixed Platforms.ActiveCfg = Release|Any CPU
		{62013F38-D560-4FB7-A679-2EE341EC4D39}.Release|Mixed Platforms.Build.0 = Release|Any CPU
		{62013F38-D560-4FB7-A679-2EE341EC4D39}.Release|x86.ActiveCfg = Release|Any CPU
		{FAB1E069-C432-4CEE-8182-833595F486AA}.Debug|Any CPU.ActiveCfg = Debug|Any CPU
		{FAB1E069-C432-4CEE-8182-833595F486AA}.Debug|Any CPU.Build.0 = Debug|Any CPU
		{FAB1E069-C432-4CEE-8182-833595F486AA}.Debug|Mixed Platforms.ActiveCfg = Debug|Any CPU
		{FAB1E069-C432-4CEE-8182-833595F486AA}.Debug|Mixed Platforms.Build.0 = Debug|Any CPU
		{FAB1E069-C432-4CEE-8182-833595F486AA}.Debug|x86.ActiveCfg = Debug|Any CPU
		{FAB1E069-C432-4CEE-8182-833595F486AA}.Release|Any CPU.ActiveCfg = Release|Any CPU
		{FAB1E069-C432-4CEE-8182-833595F486AA}.Release|Any CPU.Build.0 = Release|Any CPU
		{FAB1E069-C432-4CEE-8182-833595F486AA}.Release|Mixed Platforms.ActiveCfg = Release|Any CPU
		{FAB1E069-C432-4CEE-8182-833595F486AA}.Release|Mixed Platforms.Build.0 = Release|Any CPU
		{FAB1E069-C432-4CEE-8182-833595F486AA}.Release|x86.ActiveCfg = Release|Any CPU
		{DB3E9E59-A972-4CAD-9328-8569D4F6980B}.Debug|Any CPU.ActiveCfg = Debug|Any CPU
		{DB3E9E59-A972-4CAD-9328-8569D4F6980B}.Debug|Any CPU.Build.0 = Debug|Any CPU
		{DB3E9E59-A972-4CAD-9328-8569D4F6980B}.Debug|Mixed Platforms.ActiveCfg = Debug|Any CPU
		{DB3E9E59-A972-4CAD-9328-8569D4F6980B}.Debug|Mixed Platforms.Build.0 = Debug|Any CPU
		{DB3E9E59-A972-4CAD-9328-8569D4F6980B}.Debug|x86.ActiveCfg = Debug|Any CPU
		{DB3E9E59-A972-4CAD-9328-8569D4F6980B}.Release|Any CPU.ActiveCfg = Release|Any CPU
		{DB3E9E59-A972-4CAD-9328-8569D4F6980B}.Release|Any CPU.Build.0 = Release|Any CPU
		{DB3E9E59-A972-4CAD-9328-8569D4F6980B}.Release|Mixed Platforms.ActiveCfg = Release|Any CPU
		{DB3E9E59-A972-4CAD-9328-8569D4F6980B}.Release|Mixed Platforms.Build.0 = Release|Any CPU
		{DB3E9E59-A972-4CAD-9328-8569D4F6980B}.Release|x86.ActiveCfg = Release|Any CPU
		{07467D12-9910-4545-AC73-2B5E44336A1D}.Debug|Any CPU.ActiveCfg = Debug|Any CPU
		{07467D12-9910-4545-AC73-2B5E44336A1D}.Debug|Any CPU.Build.0 = Debug|Any CPU
		{07467D12-9910-4545-AC73-2B5E44336A1D}.Debug|Mixed Platforms.ActiveCfg = Debug|Any CPU
		{07467D12-9910-4545-AC73-2B5E44336A1D}.Debug|Mixed Platforms.Build.0 = Debug|Any CPU
		{07467D12-9910-4545-AC73-2B5E44336A1D}.Debug|x86.ActiveCfg = Debug|Any CPU
		{07467D12-9910-4545-AC73-2B5E44336A1D}.Release|Any CPU.ActiveCfg = Release|Any CPU
		{07467D12-9910-4545-AC73-2B5E44336A1D}.Release|Any CPU.Build.0 = Release|Any CPU
		{07467D12-9910-4545-AC73-2B5E44336A1D}.Release|Mixed Platforms.ActiveCfg = Release|Any CPU
		{07467D12-9910-4545-AC73-2B5E44336A1D}.Release|Mixed Platforms.Build.0 = Release|Any CPU
		{07467D12-9910-4545-AC73-2B5E44336A1D}.Release|x86.ActiveCfg = Release|Any CPU
		{D952F23A-B5C2-4447-B2A9-A78219F3481F}.Debug|Any CPU.ActiveCfg = Debug|Any CPU
		{D952F23A-B5C2-4447-B2A9-A78219F3481F}.Debug|Any CPU.Build.0 = Debug|Any CPU
		{D952F23A-B5C2-4447-B2A9-A78219F3481F}.Debug|Mixed Platforms.ActiveCfg = Debug|Any CPU
		{D952F23A-B5C2-4447-B2A9-A78219F3481F}.Debug|Mixed Platforms.Build.0 = Debug|Any CPU
		{D952F23A-B5C2-4447-B2A9-A78219F3481F}.Debug|x86.ActiveCfg = Debug|Any CPU
		{D952F23A-B5C2-4447-B2A9-A78219F3481F}.Release|Any CPU.ActiveCfg = Release|Any CPU
		{D952F23A-B5C2-4447-B2A9-A78219F3481F}.Release|Any CPU.Build.0 = Release|Any CPU
		{D952F23A-B5C2-4447-B2A9-A78219F3481F}.Release|Mixed Platforms.ActiveCfg = Release|Any CPU
		{D952F23A-B5C2-4447-B2A9-A78219F3481F}.Release|Mixed Platforms.Build.0 = Release|Any CPU
		{D952F23A-B5C2-4447-B2A9-A78219F3481F}.Release|x86.ActiveCfg = Release|Any CPU
		{0A58EB72-1BAF-4E23-B1B6-C50B2B58D65F}.Debug|Any CPU.ActiveCfg = Debug|Any CPU
		{0A58EB72-1BAF-4E23-B1B6-C50B2B58D65F}.Debug|Any CPU.Build.0 = Debug|Any CPU
		{0A58EB72-1BAF-4E23-B1B6-C50B2B58D65F}.Debug|Mixed Platforms.ActiveCfg = Debug|Any CPU
		{0A58EB72-1BAF-4E23-B1B6-C50B2B58D65F}.Debug|Mixed Platforms.Build.0 = Debug|Any CPU
		{0A58EB72-1BAF-4E23-B1B6-C50B2B58D65F}.Debug|x86.ActiveCfg = Debug|Any CPU
		{0A58EB72-1BAF-4E23-B1B6-C50B2B58D65F}.Release|Any CPU.ActiveCfg = Release|Any CPU
		{0A58EB72-1BAF-4E23-B1B6-C50B2B58D65F}.Release|Any CPU.Build.0 = Release|Any CPU
		{0A58EB72-1BAF-4E23-B1B6-C50B2B58D65F}.Release|Mixed Platforms.ActiveCfg = Release|Any CPU
		{0A58EB72-1BAF-4E23-B1B6-C50B2B58D65F}.Release|Mixed Platforms.Build.0 = Release|Any CPU
		{0A58EB72-1BAF-4E23-B1B6-C50B2B58D65F}.Release|x86.ActiveCfg = Release|Any CPU
		{7E60300C-3359-40A9-A487-EDCF5DAA50A6}.Debug|Any CPU.ActiveCfg = Debug|Any CPU
		{7E60300C-3359-40A9-A487-EDCF5DAA50A6}.Debug|Any CPU.Build.0 = Debug|Any CPU
		{7E60300C-3359-40A9-A487-EDCF5DAA50A6}.Debug|Mixed Platforms.ActiveCfg = Debug|Any CPU
		{7E60300C-3359-40A9-A487-EDCF5DAA50A6}.Debug|Mixed Platforms.Build.0 = Debug|Any CPU
		{7E60300C-3359-40A9-A487-EDCF5DAA50A6}.Debug|x86.ActiveCfg = Debug|Any CPU
		{7E60300C-3359-40A9-A487-EDCF5DAA50A6}.Release|Any CPU.ActiveCfg = Release|Any CPU
		{7E60300C-3359-40A9-A487-EDCF5DAA50A6}.Release|Any CPU.Build.0 = Release|Any CPU
		{7E60300C-3359-40A9-A487-EDCF5DAA50A6}.Release|Mixed Platforms.ActiveCfg = Release|Any CPU
		{7E60300C-3359-40A9-A487-EDCF5DAA50A6}.Release|Mixed Platforms.Build.0 = Release|Any CPU
		{7E60300C-3359-40A9-A487-EDCF5DAA50A6}.Release|x86.ActiveCfg = Release|Any CPU
		{8EEB5B11-E119-4CDD-BA35-C5051A1D4E5E}.Debug|Any CPU.ActiveCfg = Debug|Any CPU
		{8EEB5B11-E119-4CDD-BA35-C5051A1D4E5E}.Debug|Any CPU.Build.0 = Debug|Any CPU
		{8EEB5B11-E119-4CDD-BA35-C5051A1D4E5E}.Debug|Mixed Platforms.ActiveCfg = Debug|Any CPU
		{8EEB5B11-E119-4CDD-BA35-C5051A1D4E5E}.Debug|Mixed Platforms.Build.0 = Debug|Any CPU
		{8EEB5B11-E119-4CDD-BA35-C5051A1D4E5E}.Debug|x86.ActiveCfg = Debug|Any CPU
		{8EEB5B11-E119-4CDD-BA35-C5051A1D4E5E}.Release|Any CPU.ActiveCfg = Release|Any CPU
		{8EEB5B11-E119-4CDD-BA35-C5051A1D4E5E}.Release|Any CPU.Build.0 = Release|Any CPU
		{8EEB5B11-E119-4CDD-BA35-C5051A1D4E5E}.Release|Mixed Platforms.ActiveCfg = Release|Any CPU
		{8EEB5B11-E119-4CDD-BA35-C5051A1D4E5E}.Release|Mixed Platforms.Build.0 = Release|Any CPU
		{8EEB5B11-E119-4CDD-BA35-C5051A1D4E5E}.Release|x86.ActiveCfg = Release|Any CPU
		{00A00624-2972-4CF2-B3B5-A9EF4F7F5AAF}.Debug|Any CPU.ActiveCfg = Debug|Any CPU
		{00A00624-2972-4CF2-B3B5-A9EF4F7F5AAF}.Debug|Any CPU.Build.0 = Debug|Any CPU
		{00A00624-2972-4CF2-B3B5-A9EF4F7F5AAF}.Debug|Mixed Platforms.ActiveCfg = Debug|Any CPU
		{00A00624-2972-4CF2-B3B5-A9EF4F7F5AAF}.Debug|Mixed Platforms.Build.0 = Debug|Any CPU
		{00A00624-2972-4CF2-B3B5-A9EF4F7F5AAF}.Debug|x86.ActiveCfg = Debug|Any CPU
		{00A00624-2972-4CF2-B3B5-A9EF4F7F5AAF}.Release|Any CPU.ActiveCfg = Release|Any CPU
		{00A00624-2972-4CF2-B3B5-A9EF4F7F5AAF}.Release|Any CPU.Build.0 = Release|Any CPU
		{00A00624-2972-4CF2-B3B5-A9EF4F7F5AAF}.Release|Mixed Platforms.ActiveCfg = Release|Any CPU
		{00A00624-2972-4CF2-B3B5-A9EF4F7F5AAF}.Release|Mixed Platforms.Build.0 = Release|Any CPU
		{00A00624-2972-4CF2-B3B5-A9EF4F7F5AAF}.Release|x86.ActiveCfg = Release|Any CPU
		{590BEC8A-D737-4D0A-A331-474C8496101E}.Debug|Any CPU.ActiveCfg = Debug|Any CPU
		{590BEC8A-D737-4D0A-A331-474C8496101E}.Debug|Any CPU.Build.0 = Debug|Any CPU
		{590BEC8A-D737-4D0A-A331-474C8496101E}.Debug|Mixed Platforms.ActiveCfg = Debug|Any CPU
		{590BEC8A-D737-4D0A-A331-474C8496101E}.Debug|Mixed Platforms.Build.0 = Debug|Any CPU
		{590BEC8A-D737-4D0A-A331-474C8496101E}.Debug|x86.ActiveCfg = Debug|Any CPU
		{590BEC8A-D737-4D0A-A331-474C8496101E}.Release|Any CPU.ActiveCfg = Release|Any CPU
		{590BEC8A-D737-4D0A-A331-474C8496101E}.Release|Any CPU.Build.0 = Release|Any CPU
		{590BEC8A-D737-4D0A-A331-474C8496101E}.Release|Mixed Platforms.ActiveCfg = Release|Any CPU
		{590BEC8A-D737-4D0A-A331-474C8496101E}.Release|Mixed Platforms.Build.0 = Release|Any CPU
		{590BEC8A-D737-4D0A-A331-474C8496101E}.Release|x86.ActiveCfg = Release|Any CPU
		{84F708A9-1D7D-4C91-B237-408408622013}.Debug|Any CPU.ActiveCfg = Debug|Any CPU
		{84F708A9-1D7D-4C91-B237-408408622013}.Debug|Any CPU.Build.0 = Debug|Any CPU
		{84F708A9-1D7D-4C91-B237-408408622013}.Debug|Mixed Platforms.ActiveCfg = Debug|Any CPU
		{84F708A9-1D7D-4C91-B237-408408622013}.Debug|Mixed Platforms.Build.0 = Debug|Any CPU
		{84F708A9-1D7D-4C91-B237-408408622013}.Debug|x86.ActiveCfg = Debug|Any CPU
		{84F708A9-1D7D-4C91-B237-408408622013}.Release|Any CPU.ActiveCfg = Release|Any CPU
		{84F708A9-1D7D-4C91-B237-408408622013}.Release|Any CPU.Build.0 = Release|Any CPU
		{84F708A9-1D7D-4C91-B237-408408622013}.Release|Mixed Platforms.ActiveCfg = Release|Any CPU
		{84F708A9-1D7D-4C91-B237-408408622013}.Release|Mixed Platforms.Build.0 = Release|Any CPU
		{84F708A9-1D7D-4C91-B237-408408622013}.Release|x86.ActiveCfg = Release|Any CPU
		{7620E33B-8312-4B92-B20B-D5D811CDB0CB}.Debug|Any CPU.ActiveCfg = Debug|Any CPU
		{7620E33B-8312-4B92-B20B-D5D811CDB0CB}.Debug|Any CPU.Build.0 = Debug|Any CPU
		{7620E33B-8312-4B92-B20B-D5D811CDB0CB}.Debug|Mixed Platforms.ActiveCfg = Debug|Any CPU
		{7620E33B-8312-4B92-B20B-D5D811CDB0CB}.Debug|Mixed Platforms.Build.0 = Debug|Any CPU
		{7620E33B-8312-4B92-B20B-D5D811CDB0CB}.Debug|x86.ActiveCfg = Debug|Any CPU
		{7620E33B-8312-4B92-B20B-D5D811CDB0CB}.Release|Any CPU.ActiveCfg = Release|Any CPU
		{7620E33B-8312-4B92-B20B-D5D811CDB0CB}.Release|Any CPU.Build.0 = Release|Any CPU
		{7620E33B-8312-4B92-B20B-D5D811CDB0CB}.Release|Mixed Platforms.ActiveCfg = Release|Any CPU
		{7620E33B-8312-4B92-B20B-D5D811CDB0CB}.Release|Mixed Platforms.Build.0 = Release|Any CPU
		{7620E33B-8312-4B92-B20B-D5D811CDB0CB}.Release|x86.ActiveCfg = Release|Any CPU
		{96BC01F6-D2A8-4303-8943-946EF233D89F}.Debug|Any CPU.ActiveCfg = Debug|Any CPU
		{96BC01F6-D2A8-4303-8943-946EF233D89F}.Debug|Any CPU.Build.0 = Debug|Any CPU
		{96BC01F6-D2A8-4303-8943-946EF233D89F}.Debug|Mixed Platforms.ActiveCfg = Debug|Any CPU
		{96BC01F6-D2A8-4303-8943-946EF233D89F}.Debug|Mixed Platforms.Build.0 = Debug|Any CPU
		{96BC01F6-D2A8-4303-8943-946EF233D89F}.Debug|x86.ActiveCfg = Debug|Any CPU
		{96BC01F6-D2A8-4303-8943-946EF233D89F}.Release|Any CPU.ActiveCfg = Release|Any CPU
		{96BC01F6-D2A8-4303-8943-946EF233D89F}.Release|Any CPU.Build.0 = Release|Any CPU
		{96BC01F6-D2A8-4303-8943-946EF233D89F}.Release|Mixed Platforms.ActiveCfg = Release|Any CPU
		{96BC01F6-D2A8-4303-8943-946EF233D89F}.Release|Mixed Platforms.Build.0 = Release|Any CPU
		{96BC01F6-D2A8-4303-8943-946EF233D89F}.Release|x86.ActiveCfg = Release|Any CPU
		{67994760-FD92-433B-BD42-17B3EB4B8F63}.Debug|Any CPU.ActiveCfg = Debug|Any CPU
		{67994760-FD92-433B-BD42-17B3EB4B8F63}.Debug|Any CPU.Build.0 = Debug|Any CPU
		{67994760-FD92-433B-BD42-17B3EB4B8F63}.Debug|Mixed Platforms.ActiveCfg = Debug|Any CPU
		{67994760-FD92-433B-BD42-17B3EB4B8F63}.Debug|Mixed Platforms.Build.0 = Debug|Any CPU
		{67994760-FD92-433B-BD42-17B3EB4B8F63}.Debug|x86.ActiveCfg = Debug|Any CPU
		{67994760-FD92-433B-BD42-17B3EB4B8F63}.Release|Any CPU.ActiveCfg = Release|Any CPU
		{67994760-FD92-433B-BD42-17B3EB4B8F63}.Release|Any CPU.Build.0 = Release|Any CPU
		{67994760-FD92-433B-BD42-17B3EB4B8F63}.Release|Mixed Platforms.ActiveCfg = Release|Any CPU
		{67994760-FD92-433B-BD42-17B3EB4B8F63}.Release|Mixed Platforms.Build.0 = Release|Any CPU
		{67994760-FD92-433B-BD42-17B3EB4B8F63}.Release|x86.ActiveCfg = Release|Any CPU
		{DAF03BA7-161D-4232-8A91-58D16C5BA366}.Debug|Any CPU.ActiveCfg = Debug|Any CPU
		{DAF03BA7-161D-4232-8A91-58D16C5BA366}.Debug|Any CPU.Build.0 = Debug|Any CPU
		{DAF03BA7-161D-4232-8A91-58D16C5BA366}.Debug|Mixed Platforms.ActiveCfg = Debug|Any CPU
		{DAF03BA7-161D-4232-8A91-58D16C5BA366}.Debug|Mixed Platforms.Build.0 = Debug|Any CPU
		{DAF03BA7-161D-4232-8A91-58D16C5BA366}.Debug|x86.ActiveCfg = Debug|Any CPU
		{DAF03BA7-161D-4232-8A91-58D16C5BA366}.Release|Any CPU.ActiveCfg = Release|Any CPU
		{DAF03BA7-161D-4232-8A91-58D16C5BA366}.Release|Any CPU.Build.0 = Release|Any CPU
		{DAF03BA7-161D-4232-8A91-58D16C5BA366}.Release|Mixed Platforms.ActiveCfg = Release|Any CPU
		{DAF03BA7-161D-4232-8A91-58D16C5BA366}.Release|Mixed Platforms.Build.0 = Release|Any CPU
		{DAF03BA7-161D-4232-8A91-58D16C5BA366}.Release|x86.ActiveCfg = Release|Any CPU
		{A5B1C7B5-E95B-476C-93D6-582541677F99}.Debug|Any CPU.ActiveCfg = Debug|Any CPU
		{A5B1C7B5-E95B-476C-93D6-582541677F99}.Debug|Any CPU.Build.0 = Debug|Any CPU
		{A5B1C7B5-E95B-476C-93D6-582541677F99}.Debug|Mixed Platforms.ActiveCfg = Debug|Any CPU
		{A5B1C7B5-E95B-476C-93D6-582541677F99}.Debug|Mixed Platforms.Build.0 = Debug|Any CPU
		{A5B1C7B5-E95B-476C-93D6-582541677F99}.Debug|x86.ActiveCfg = Debug|Any CPU
		{A5B1C7B5-E95B-476C-93D6-582541677F99}.Release|Any CPU.ActiveCfg = Release|Any CPU
		{A5B1C7B5-E95B-476C-93D6-582541677F99}.Release|Any CPU.Build.0 = Release|Any CPU
		{A5B1C7B5-E95B-476C-93D6-582541677F99}.Release|Mixed Platforms.ActiveCfg = Release|Any CPU
		{A5B1C7B5-E95B-476C-93D6-582541677F99}.Release|Mixed Platforms.Build.0 = Release|Any CPU
		{A5B1C7B5-E95B-476C-93D6-582541677F99}.Release|x86.ActiveCfg = Release|Any CPU
		{4E7FCBFA-52EF-4AC2-94F0-C72152FCFA52}.Debug|Any CPU.ActiveCfg = Debug|Any CPU
		{4E7FCBFA-52EF-4AC2-94F0-C72152FCFA52}.Debug|Any CPU.Build.0 = Debug|Any CPU
		{4E7FCBFA-52EF-4AC2-94F0-C72152FCFA52}.Debug|Mixed Platforms.ActiveCfg = Debug|Any CPU
		{4E7FCBFA-52EF-4AC2-94F0-C72152FCFA52}.Debug|Mixed Platforms.Build.0 = Debug|Any CPU
		{4E7FCBFA-52EF-4AC2-94F0-C72152FCFA52}.Debug|x86.ActiveCfg = Debug|Any CPU
		{4E7FCBFA-52EF-4AC2-94F0-C72152FCFA52}.Release|Any CPU.ActiveCfg = Release|Any CPU
		{4E7FCBFA-52EF-4AC2-94F0-C72152FCFA52}.Release|Any CPU.Build.0 = Release|Any CPU
		{4E7FCBFA-52EF-4AC2-94F0-C72152FCFA52}.Release|Mixed Platforms.ActiveCfg = Release|Any CPU
		{4E7FCBFA-52EF-4AC2-94F0-C72152FCFA52}.Release|Mixed Platforms.Build.0 = Release|Any CPU
		{4E7FCBFA-52EF-4AC2-94F0-C72152FCFA52}.Release|x86.ActiveCfg = Release|Any CPU
		{7D48371D-88E2-47D6-A37D-1053CA3FF64D}.Debug|Any CPU.ActiveCfg = Debug|Any CPU
		{7D48371D-88E2-47D6-A37D-1053CA3FF64D}.Debug|Any CPU.Build.0 = Debug|Any CPU
		{7D48371D-88E2-47D6-A37D-1053CA3FF64D}.Debug|Mixed Platforms.ActiveCfg = Debug|Any CPU
		{7D48371D-88E2-47D6-A37D-1053CA3FF64D}.Debug|Mixed Platforms.Build.0 = Debug|Any CPU
		{7D48371D-88E2-47D6-A37D-1053CA3FF64D}.Debug|x86.ActiveCfg = Debug|Any CPU
		{7D48371D-88E2-47D6-A37D-1053CA3FF64D}.Release|Any CPU.ActiveCfg = Release|Any CPU
		{7D48371D-88E2-47D6-A37D-1053CA3FF64D}.Release|Any CPU.Build.0 = Release|Any CPU
		{7D48371D-88E2-47D6-A37D-1053CA3FF64D}.Release|Mixed Platforms.ActiveCfg = Release|Any CPU
		{7D48371D-88E2-47D6-A37D-1053CA3FF64D}.Release|Mixed Platforms.Build.0 = Release|Any CPU
		{7D48371D-88E2-47D6-A37D-1053CA3FF64D}.Release|x86.ActiveCfg = Release|Any CPU
		{3D1CCDE7-DAD5-4543-A439-A3E53F2C2AEA}.Debug|Any CPU.ActiveCfg = Debug|Any CPU
		{3D1CCDE7-DAD5-4543-A439-A3E53F2C2AEA}.Debug|Any CPU.Build.0 = Debug|Any CPU
		{3D1CCDE7-DAD5-4543-A439-A3E53F2C2AEA}.Debug|Mixed Platforms.ActiveCfg = Debug|Any CPU
		{3D1CCDE7-DAD5-4543-A439-A3E53F2C2AEA}.Debug|Mixed Platforms.Build.0 = Debug|Any CPU
		{3D1CCDE7-DAD5-4543-A439-A3E53F2C2AEA}.Debug|x86.ActiveCfg = Debug|Any CPU
		{3D1CCDE7-DAD5-4543-A439-A3E53F2C2AEA}.Release|Any CPU.ActiveCfg = Release|Any CPU
		{3D1CCDE7-DAD5-4543-A439-A3E53F2C2AEA}.Release|Any CPU.Build.0 = Release|Any CPU
		{3D1CCDE7-DAD5-4543-A439-A3E53F2C2AEA}.Release|Mixed Platforms.ActiveCfg = Release|Any CPU
		{3D1CCDE7-DAD5-4543-A439-A3E53F2C2AEA}.Release|Mixed Platforms.Build.0 = Release|Any CPU
		{3D1CCDE7-DAD5-4543-A439-A3E53F2C2AEA}.Release|x86.ActiveCfg = Release|Any CPU
		{EC967660-710E-4FC9-AC72-AA4F1D82009A}.Debug|Any CPU.ActiveCfg = Debug|Any CPU
		{EC967660-710E-4FC9-AC72-AA4F1D82009A}.Debug|Any CPU.Build.0 = Debug|Any CPU
		{EC967660-710E-4FC9-AC72-AA4F1D82009A}.Debug|Mixed Platforms.ActiveCfg = Debug|Any CPU
		{EC967660-710E-4FC9-AC72-AA4F1D82009A}.Debug|Mixed Platforms.Build.0 = Debug|Any CPU
		{EC967660-710E-4FC9-AC72-AA4F1D82009A}.Debug|x86.ActiveCfg = Debug|Any CPU
		{EC967660-710E-4FC9-AC72-AA4F1D82009A}.Release|Any CPU.ActiveCfg = Release|Any CPU
		{EC967660-710E-4FC9-AC72-AA4F1D82009A}.Release|Any CPU.Build.0 = Release|Any CPU
		{EC967660-710E-4FC9-AC72-AA4F1D82009A}.Release|Mixed Platforms.ActiveCfg = Release|Any CPU
		{EC967660-710E-4FC9-AC72-AA4F1D82009A}.Release|Mixed Platforms.Build.0 = Release|Any CPU
		{EC967660-710E-4FC9-AC72-AA4F1D82009A}.Release|x86.ActiveCfg = Release|Any CPU
		{18EF7C1B-D7F6-4AE2-96DF-7FA5F5CEEF8D}.Debug|Any CPU.ActiveCfg = Debug|Any CPU
		{18EF7C1B-D7F6-4AE2-96DF-7FA5F5CEEF8D}.Debug|Any CPU.Build.0 = Debug|Any CPU
		{18EF7C1B-D7F6-4AE2-96DF-7FA5F5CEEF8D}.Debug|Mixed Platforms.ActiveCfg = Debug|Any CPU
		{18EF7C1B-D7F6-4AE2-96DF-7FA5F5CEEF8D}.Debug|Mixed Platforms.Build.0 = Debug|Any CPU
		{18EF7C1B-D7F6-4AE2-96DF-7FA5F5CEEF8D}.Debug|x86.ActiveCfg = Debug|Any CPU
		{18EF7C1B-D7F6-4AE2-96DF-7FA5F5CEEF8D}.Release|Any CPU.ActiveCfg = Release|Any CPU
		{18EF7C1B-D7F6-4AE2-96DF-7FA5F5CEEF8D}.Release|Any CPU.Build.0 = Release|Any CPU
		{18EF7C1B-D7F6-4AE2-96DF-7FA5F5CEEF8D}.Release|Mixed Platforms.ActiveCfg = Release|Any CPU
		{18EF7C1B-D7F6-4AE2-96DF-7FA5F5CEEF8D}.Release|Mixed Platforms.Build.0 = Release|Any CPU
		{18EF7C1B-D7F6-4AE2-96DF-7FA5F5CEEF8D}.Release|x86.ActiveCfg = Release|Any CPU
		{0A6E5792-7708-4CB7-9905-A893E33E35A5}.Debug|Any CPU.ActiveCfg = Debug|Any CPU
		{0A6E5792-7708-4CB7-9905-A893E33E35A5}.Debug|Any CPU.Build.0 = Debug|Any CPU
		{0A6E5792-7708-4CB7-9905-A893E33E35A5}.Debug|Mixed Platforms.ActiveCfg = Debug|Any CPU
		{0A6E5792-7708-4CB7-9905-A893E33E35A5}.Debug|Mixed Platforms.Build.0 = Debug|Any CPU
		{0A6E5792-7708-4CB7-9905-A893E33E35A5}.Debug|x86.ActiveCfg = Debug|Any CPU
		{0A6E5792-7708-4CB7-9905-A893E33E35A5}.Release|Any CPU.ActiveCfg = Release|Any CPU
		{0A6E5792-7708-4CB7-9905-A893E33E35A5}.Release|Any CPU.Build.0 = Release|Any CPU
		{0A6E5792-7708-4CB7-9905-A893E33E35A5}.Release|Mixed Platforms.ActiveCfg = Release|Any CPU
		{0A6E5792-7708-4CB7-9905-A893E33E35A5}.Release|Mixed Platforms.Build.0 = Release|Any CPU
		{0A6E5792-7708-4CB7-9905-A893E33E35A5}.Release|x86.ActiveCfg = Release|Any CPU
		{BC14A519-D571-4074-B065-A07B2FE3B8C2}.Debug|Any CPU.ActiveCfg = Debug|Any CPU
		{BC14A519-D571-4074-B065-A07B2FE3B8C2}.Debug|Any CPU.Build.0 = Debug|Any CPU
		{BC14A519-D571-4074-B065-A07B2FE3B8C2}.Debug|Mixed Platforms.ActiveCfg = Debug|Any CPU
		{BC14A519-D571-4074-B065-A07B2FE3B8C2}.Debug|Mixed Platforms.Build.0 = Debug|Any CPU
		{BC14A519-D571-4074-B065-A07B2FE3B8C2}.Debug|x86.ActiveCfg = Debug|Any CPU
		{BC14A519-D571-4074-B065-A07B2FE3B8C2}.Release|Any CPU.ActiveCfg = Release|Any CPU
		{BC14A519-D571-4074-B065-A07B2FE3B8C2}.Release|Any CPU.Build.0 = Release|Any CPU
		{BC14A519-D571-4074-B065-A07B2FE3B8C2}.Release|Mixed Platforms.ActiveCfg = Release|Any CPU
		{BC14A519-D571-4074-B065-A07B2FE3B8C2}.Release|Mixed Platforms.Build.0 = Release|Any CPU
		{BC14A519-D571-4074-B065-A07B2FE3B8C2}.Release|x86.ActiveCfg = Release|Any CPU
		{7E465169-758C-4C31-B895-032EAAFABFD3}.Debug|Any CPU.ActiveCfg = Debug|Any CPU
		{7E465169-758C-4C31-B895-032EAAFABFD3}.Debug|Any CPU.Build.0 = Debug|Any CPU
		{7E465169-758C-4C31-B895-032EAAFABFD3}.Debug|Mixed Platforms.ActiveCfg = Debug|Any CPU
		{7E465169-758C-4C31-B895-032EAAFABFD3}.Debug|Mixed Platforms.Build.0 = Debug|Any CPU
		{7E465169-758C-4C31-B895-032EAAFABFD3}.Debug|x86.ActiveCfg = Debug|Any CPU
		{7E465169-758C-4C31-B895-032EAAFABFD3}.Release|Any CPU.ActiveCfg = Release|Any CPU
		{7E465169-758C-4C31-B895-032EAAFABFD3}.Release|Any CPU.Build.0 = Release|Any CPU
		{7E465169-758C-4C31-B895-032EAAFABFD3}.Release|Mixed Platforms.ActiveCfg = Release|Any CPU
		{7E465169-758C-4C31-B895-032EAAFABFD3}.Release|Mixed Platforms.Build.0 = Release|Any CPU
		{7E465169-758C-4C31-B895-032EAAFABFD3}.Release|x86.ActiveCfg = Release|Any CPU
		{F8646414-0C9C-49BB-9DA3-3923BF78A398}.Debug|Any CPU.ActiveCfg = Debug|Any CPU
		{F8646414-0C9C-49BB-9DA3-3923BF78A398}.Debug|Any CPU.Build.0 = Debug|Any CPU
		{F8646414-0C9C-49BB-9DA3-3923BF78A398}.Debug|Mixed Platforms.ActiveCfg = Debug|Any CPU
		{F8646414-0C9C-49BB-9DA3-3923BF78A398}.Debug|Mixed Platforms.Build.0 = Debug|Any CPU
		{F8646414-0C9C-49BB-9DA3-3923BF78A398}.Debug|x86.ActiveCfg = Debug|Any CPU
		{F8646414-0C9C-49BB-9DA3-3923BF78A398}.Release|Any CPU.ActiveCfg = Release|Any CPU
		{F8646414-0C9C-49BB-9DA3-3923BF78A398}.Release|Any CPU.Build.0 = Release|Any CPU
		{F8646414-0C9C-49BB-9DA3-3923BF78A398}.Release|Mixed Platforms.ActiveCfg = Release|Any CPU
		{F8646414-0C9C-49BB-9DA3-3923BF78A398}.Release|Mixed Platforms.Build.0 = Release|Any CPU
		{F8646414-0C9C-49BB-9DA3-3923BF78A398}.Release|x86.ActiveCfg = Release|Any CPU
		{1F568643-7247-49FE-9338-8567ACE49E3F}.Debug|Any CPU.ActiveCfg = Debug|Any CPU
		{1F568643-7247-49FE-9338-8567ACE49E3F}.Debug|Any CPU.Build.0 = Debug|Any CPU
		{1F568643-7247-49FE-9338-8567ACE49E3F}.Debug|Mixed Platforms.ActiveCfg = Debug|Any CPU
		{1F568643-7247-49FE-9338-8567ACE49E3F}.Debug|Mixed Platforms.Build.0 = Debug|Any CPU
		{1F568643-7247-49FE-9338-8567ACE49E3F}.Debug|x86.ActiveCfg = Debug|Any CPU
		{1F568643-7247-49FE-9338-8567ACE49E3F}.Release|Any CPU.ActiveCfg = Release|Any CPU
		{1F568643-7247-49FE-9338-8567ACE49E3F}.Release|Any CPU.Build.0 = Release|Any CPU
		{1F568643-7247-49FE-9338-8567ACE49E3F}.Release|Mixed Platforms.ActiveCfg = Release|Any CPU
		{1F568643-7247-49FE-9338-8567ACE49E3F}.Release|Mixed Platforms.Build.0 = Release|Any CPU
		{1F568643-7247-49FE-9338-8567ACE49E3F}.Release|x86.ActiveCfg = Release|Any CPU
		{4FA487B7-AB4E-4302-B3BD-CD4E4E713D79}.Debug|Any CPU.ActiveCfg = Debug|Any CPU
		{4FA487B7-AB4E-4302-B3BD-CD4E4E713D79}.Debug|Mixed Platforms.ActiveCfg = Debug|Any CPU
		{4FA487B7-AB4E-4302-B3BD-CD4E4E713D79}.Debug|Mixed Platforms.Build.0 = Debug|Any CPU
		{4FA487B7-AB4E-4302-B3BD-CD4E4E713D79}.Debug|x86.ActiveCfg = Debug|Any CPU
		{4FA487B7-AB4E-4302-B3BD-CD4E4E713D79}.Release|Any CPU.ActiveCfg = Release|Any CPU
		{4FA487B7-AB4E-4302-B3BD-CD4E4E713D79}.Release|Any CPU.Build.0 = Release|Any CPU
		{4FA487B7-AB4E-4302-B3BD-CD4E4E713D79}.Release|Mixed Platforms.ActiveCfg = Release|Any CPU
		{4FA487B7-AB4E-4302-B3BD-CD4E4E713D79}.Release|Mixed Platforms.Build.0 = Release|Any CPU
		{4FA487B7-AB4E-4302-B3BD-CD4E4E713D79}.Release|x86.ActiveCfg = Release|Any CPU
		{8050A0DD-A07B-466B-9AED-C7270478FAA7}.Debug|Any CPU.ActiveCfg = Debug|Any CPU
		{8050A0DD-A07B-466B-9AED-C7270478FAA7}.Debug|Any CPU.Build.0 = Debug|Any CPU
		{8050A0DD-A07B-466B-9AED-C7270478FAA7}.Debug|Mixed Platforms.ActiveCfg = Debug|Any CPU
		{8050A0DD-A07B-466B-9AED-C7270478FAA7}.Debug|Mixed Platforms.Build.0 = Debug|Any CPU
		{8050A0DD-A07B-466B-9AED-C7270478FAA7}.Debug|x86.ActiveCfg = Debug|Any CPU
		{8050A0DD-A07B-466B-9AED-C7270478FAA7}.Release|Any CPU.ActiveCfg = Release|Any CPU
		{8050A0DD-A07B-466B-9AED-C7270478FAA7}.Release|Any CPU.Build.0 = Release|Any CPU
		{8050A0DD-A07B-466B-9AED-C7270478FAA7}.Release|Mixed Platforms.ActiveCfg = Release|Any CPU
		{8050A0DD-A07B-466B-9AED-C7270478FAA7}.Release|Mixed Platforms.Build.0 = Release|Any CPU
		{8050A0DD-A07B-466B-9AED-C7270478FAA7}.Release|x86.ActiveCfg = Release|Any CPU
		{24434D1C-86DD-4FCD-8A80-3881954B4371}.Debug|Any CPU.ActiveCfg = Debug|Any CPU
		{24434D1C-86DD-4FCD-8A80-3881954B4371}.Debug|Any CPU.Build.0 = Debug|Any CPU
		{24434D1C-86DD-4FCD-8A80-3881954B4371}.Debug|Mixed Platforms.ActiveCfg = Debug|Any CPU
		{24434D1C-86DD-4FCD-8A80-3881954B4371}.Debug|Mixed Platforms.Build.0 = Debug|Any CPU
		{24434D1C-86DD-4FCD-8A80-3881954B4371}.Debug|x86.ActiveCfg = Debug|x86
		{24434D1C-86DD-4FCD-8A80-3881954B4371}.Debug|x86.Build.0 = Debug|x86
		{24434D1C-86DD-4FCD-8A80-3881954B4371}.Release|Any CPU.ActiveCfg = Release|Any CPU
		{24434D1C-86DD-4FCD-8A80-3881954B4371}.Release|Any CPU.Build.0 = Release|Any CPU
		{24434D1C-86DD-4FCD-8A80-3881954B4371}.Release|Mixed Platforms.ActiveCfg = Release|Any CPU
		{24434D1C-86DD-4FCD-8A80-3881954B4371}.Release|Mixed Platforms.Build.0 = Release|Any CPU
		{24434D1C-86DD-4FCD-8A80-3881954B4371}.Release|x86.ActiveCfg = Release|x86
		{24434D1C-86DD-4FCD-8A80-3881954B4371}.Release|x86.Build.0 = Release|x86
		{C4351BFB-AF2B-4499-8626-5BC6233AC52F}.Debug|Any CPU.ActiveCfg = Debug|Any CPU
		{C4351BFB-AF2B-4499-8626-5BC6233AC52F}.Debug|Any CPU.Build.0 = Debug|Any CPU
		{C4351BFB-AF2B-4499-8626-5BC6233AC52F}.Debug|Mixed Platforms.ActiveCfg = Debug|Any CPU
		{C4351BFB-AF2B-4499-8626-5BC6233AC52F}.Debug|Mixed Platforms.Build.0 = Debug|Any CPU
		{C4351BFB-AF2B-4499-8626-5BC6233AC52F}.Debug|x86.ActiveCfg = Debug|Any CPU
		{C4351BFB-AF2B-4499-8626-5BC6233AC52F}.Release|Any CPU.ActiveCfg = Release|Any CPU
		{C4351BFB-AF2B-4499-8626-5BC6233AC52F}.Release|Any CPU.Build.0 = Release|Any CPU
		{C4351BFB-AF2B-4499-8626-5BC6233AC52F}.Release|Mixed Platforms.ActiveCfg = Release|Any CPU
		{C4351BFB-AF2B-4499-8626-5BC6233AC52F}.Release|Mixed Platforms.Build.0 = Release|Any CPU
		{C4351BFB-AF2B-4499-8626-5BC6233AC52F}.Release|x86.ActiveCfg = Release|Any CPU
	EndGlobalSection
	GlobalSection(SolutionProperties) = preSolution
		HideSolutionNode = FALSE
	EndGlobalSection
EndGlobal
